{
  "version": 4,
  "terraform_version": "1.2.2",
  "serial": 378,
  "lineage": "cb96966e-4f63-c94b-9510-d813198937f6",
  "outputs": {},
  "resources": [
    {
      "mode": "data",
      "type": "google_compute_global_address",
      "name": "default",
      "provider": "provider[\"registry.terraform.io/hashicorp/google\"]",
      "instances": [
        {
          "schema_version": 0,
          "attributes": {
            "address": "34.98.127.209",
            "id": "projects/redes-demo-2022-353122/global/addresses/static-ip",
            "name": "static-ip",
            "project": "redes-demo-2022-353122",
            "self_link": "https://www.googleapis.com/compute/v1/projects/redes-demo-2022-353122/global/addresses/static-ip",
            "status": "RESERVED"
          },
          "sensitive_attributes": []
        }
      ]
    },
    {
      "mode": "managed",
      "type": "google_compute_backend_bucket",
      "name": "ice-cream-bucket",
      "provider": "provider[\"registry.terraform.io/hashicorp/google\"]",
      "instances": [
        {
          "schema_version": 0,
          "attributes": {
            "bucket_name": "ice-cream-bucket-2022a",
            "cdn_policy": [
              {
                "cache_key_policy": [],
                "cache_mode": "CACHE_ALL_STATIC",
                "client_ttl": 3600,
                "default_ttl": 3600,
                "max_ttl": 86400,
                "negative_caching": true,
                "negative_caching_policy": [],
                "serve_while_stale": 86400,
                "signed_url_cache_max_age_sec": 0
              }
            ],
            "creation_timestamp": "2022-06-12T16:21:32.039-07:00",
            "custom_response_headers": null,
            "description": "",
            "edge_security_policy": "",
            "enable_cdn": true,
            "id": "projects/redes-demo-2022-353122/global/backendBuckets/ice-cream-backend-bucket",
            "name": "ice-cream-backend-bucket",
            "project": "redes-demo-2022-353122",
            "self_link": "https://www.googleapis.com/compute/v1/projects/redes-demo-2022-353122/global/backendBuckets/ice-cream-backend-bucket",
            "timeouts": null
          },
          "sensitive_attributes": [],
          "private": "eyJlMmJmYjczMC1lY2FhLTExZTYtOGY4OC0zNDM2M2JjN2M0YzAiOnsiY3JlYXRlIjoxMjAwMDAwMDAwMDAwLCJkZWxldGUiOjEyMDAwMDAwMDAwMDAsInVwZGF0ZSI6MTIwMDAwMDAwMDAwMH19",
          "dependencies": [
            "google_storage_bucket.ice-cream-bucket"
          ]
        }
      ]
    },
    {
      "mode": "managed",
      "type": "google_compute_backend_service",
      "name": "backend",
      "provider": "provider[\"registry.terraform.io/hashicorp/google\"]",
      "instances": [
        {
          "schema_version": 1,
          "attributes": {
            "affinity_cookie_ttl_sec": 0,
            "backend": [
              {
                "balancing_mode": "UTILIZATION",
                "capacity_scaler": 1,
                "description": "",
                "group": "https://www.googleapis.com/compute/v1/projects/redes-demo-2022-353122/regions/us-east1/instanceGroups/web-manager",
                "max_connections": 0,
                "max_connections_per_endpoint": 0,
                "max_connections_per_instance": 0,
                "max_rate": 0,
                "max_rate_per_endpoint": 0,
                "max_rate_per_instance": 0,
                "max_utilization": 0
              }
            ],
            "cdn_policy": [
              {
                "cache_key_policy": [],
                "cache_mode": "CACHE_ALL_STATIC",
                "client_ttl": 3600,
                "default_ttl": 3600,
                "max_ttl": 86400,
                "negative_caching": true,
                "negative_caching_policy": [],
                "serve_while_stale": 86400,
                "signed_url_cache_max_age_sec": 0
              }
            ],
            "circuit_breakers": [],
            "connection_draining_timeout_sec": 300,
            "consistent_hash": [],
            "creation_timestamp": "2022-06-12T16:22:54.929-07:00",
            "custom_request_headers": null,
            "custom_response_headers": null,
            "description": "",
            "enable_cdn": true,
            "fingerprint": "KwJ1d-ECEog=",
            "health_checks": [
              "projects/redes-demo-2022-353122/global/healthChecks/lb-hc"
            ],
            "iap": [],
            "id": "projects/redes-demo-2022-353122/global/backendServices/ilb-backend-subnet",
            "load_balancing_scheme": "EXTERNAL",
            "locality_lb_policy": "",
            "log_config": [],
            "name": "ilb-backend-subnet",
            "outlier_detection": [],
            "port_name": "my-port",
            "project": "redes-demo-2022-353122",
            "protocol": "HTTP",
            "security_policy": "",
            "security_settings": [],
            "self_link": "https://www.googleapis.com/compute/v1/projects/redes-demo-2022-353122/global/backendServices/ilb-backend-subnet",
            "session_affinity": "NONE",
            "timeout_sec": 30,
            "timeouts": null
          },
          "sensitive_attributes": [],
          "private": "eyJlMmJmYjczMC1lY2FhLTExZTYtOGY4OC0zNDM2M2JjN2M0YzAiOnsiY3JlYXRlIjoxMjAwMDAwMDAwMDAwLCJkZWxldGUiOjEyMDAwMDAwMDAwMDAsInVwZGF0ZSI6MTIwMDAwMDAwMDAwMH0sInNjaGVtYV92ZXJzaW9uIjoiMSJ9",
          "dependencies": [
            "google_compute_health_check.default",
            "google_compute_health_check.tcp-health-check",
            "google_compute_instance_template.web",
            "google_compute_network.vpc_network",
            "google_compute_region_instance_group_manager.web",
            "google_compute_subnetwork.subnet-priv-1"
          ]
        }
      ]
    },
    {
      "mode": "managed",
      "type": "google_compute_firewall",
      "name": "allowhc",
      "provider": "provider[\"registry.terraform.io/hashicorp/google\"]",
      "instances": [
        {
          "schema_version": 1,
          "attributes": {
            "allow": [
              {
                "ports": [
                  "80"
                ],
                "protocol": "tcp"
              },
              {
                "ports": [],
                "protocol": "icmp"
              }
            ],
            "creation_timestamp": "2022-06-12T16:21:40.452-07:00",
            "deny": [],
            "description": "allow Google health checks and network load balancers access",
            "destination_ranges": [],
            "direction": "INGRESS",
            "disabled": false,
            "enable_logging": null,
            "id": "projects/redes-demo-2022-353122/global/firewalls/allowhc-firewall",
            "log_config": [],
            "name": "allowhc-firewall",
            "network": "https://www.googleapis.com/compute/v1/projects/redes-demo-2022-353122/global/networks/vpc-network",
            "priority": 1000,
            "project": "redes-demo-2022-353122",
            "self_link": "https://www.googleapis.com/compute/v1/projects/redes-demo-2022-353122/global/firewalls/allowhc-firewall",
            "source_ranges": [
              "130.211.0.0/22",
              "209.85.152.0/22",
              "209.85.204.0/22",
              "35.191.0.0/16"
            ],
            "source_service_accounts": null,
            "source_tags": null,
            "target_service_accounts": null,
            "target_tags": [
              "allow-hc"
            ],
            "timeouts": null
          },
          "sensitive_attributes": [],
          "private": "eyJlMmJmYjczMC1lY2FhLTExZTYtOGY4OC0zNDM2M2JjN2M0YzAiOnsiY3JlYXRlIjoxMjAwMDAwMDAwMDAwLCJkZWxldGUiOjEyMDAwMDAwMDAwMDAsInVwZGF0ZSI6MTIwMDAwMDAwMDAwMH0sInNjaGVtYV92ZXJzaW9uIjoiMSJ9",
          "dependencies": [
            "google_compute_network.vpc_network"
          ]
        }
      ]
    },
    {
      "mode": "managed",
      "type": "google_compute_firewall",
      "name": "weblb",
      "provider": "provider[\"registry.terraform.io/hashicorp/google\"]",
      "instances": [
        {
          "schema_version": 1,
          "attributes": {
            "allow": [
              {
                "ports": [
                  "80",
                  "22"
                ],
                "protocol": "tcp"
              },
              {
                "ports": [],
                "protocol": "icmp"
              }
            ],
            "creation_timestamp": "2022-06-12T16:21:41.517-07:00",
            "deny": [],
            "description": "",
            "destination_ranges": [],
            "direction": "INGRESS",
            "disabled": false,
            "enable_logging": null,
            "id": "projects/redes-demo-2022-353122/global/firewalls/web-fw-lb-allow-ssh-http",
            "log_config": [],
            "name": "web-fw-lb-allow-ssh-http",
            "network": "https://www.googleapis.com/compute/v1/projects/redes-demo-2022-353122/global/networks/vpc-network",
            "priority": 1000,
            "project": "redes-demo-2022-353122",
            "self_link": "https://www.googleapis.com/compute/v1/projects/redes-demo-2022-353122/global/firewalls/web-fw-lb-allow-ssh-http",
            "source_ranges": [
              "34.98.127.209/32"
            ],
            "source_service_accounts": null,
            "source_tags": null,
            "target_service_accounts": null,
            "target_tags": [
              "web-server"
            ],
            "timeouts": null
          },
          "sensitive_attributes": [],
          "private": "eyJlMmJmYjczMC1lY2FhLTExZTYtOGY4OC0zNDM2M2JjN2M0YzAiOnsiY3JlYXRlIjoxMjAwMDAwMDAwMDAwLCJkZWxldGUiOjEyMDAwMDAwMDAwMDAsInVwZGF0ZSI6MTIwMDAwMDAwMDAwMH0sInNjaGVtYV92ZXJzaW9uIjoiMSJ9",
          "dependencies": [
            "data.google_compute_global_address.default",
            "google_compute_global_address.default",
            "google_compute_network.vpc_network"
          ]
        }
      ]
    },
    {
      "mode": "managed",
      "type": "google_compute_global_address",
      "name": "default",
      "provider": "provider[\"registry.terraform.io/hashicorp/google\"]",
      "instances": [
        {
          "schema_version": 0,
          "attributes": {
            "address": "34.98.127.209",
            "address_type": "EXTERNAL",
            "creation_timestamp": "2022-06-12T16:21:28.638-07:00",
            "description": "",
            "id": "projects/redes-demo-2022-353122/global/addresses/static-ip",
            "ip_version": "",
            "name": "static-ip",
            "network": "",
            "prefix_length": 0,
            "project": "redes-demo-2022-353122",
            "purpose": "",
            "self_link": "https://www.googleapis.com/compute/v1/projects/redes-demo-2022-353122/global/addresses/static-ip",
            "timeouts": null
          },
          "sensitive_attributes": [],
          "private": "eyJlMmJmYjczMC1lY2FhLTExZTYtOGY4OC0zNDM2M2JjN2M0YzAiOnsiY3JlYXRlIjoxMjAwMDAwMDAwMDAwLCJkZWxldGUiOjEyMDAwMDAwMDAwMDB9fQ=="
        }
      ]
    },
    {
      "mode": "managed",
      "type": "google_compute_global_forwarding_rule",
      "name": "forwarding",
      "provider": "provider[\"registry.terraform.io/hashicorp/google\"]",
      "instances": [
        {
          "schema_version": 0,
          "attributes": {
            "description": "",
            "id": "projects/redes-demo-2022-353122/global/forwardingRules/website-forwarding-rule",
            "ip_address": "projects/redes-demo-2022-353122/global/addresses/static-ip",
            "ip_protocol": "TCP",
            "ip_version": "",
            "label_fingerprint": "42WmSpB8rSM=",
            "labels": null,
            "load_balancing_scheme": "EXTERNAL",
            "metadata_filters": [],
            "name": "website-forwarding-rule",
            "network": "",
            "port_range": "80",
            "project": "redes-demo-2022-353122",
            "self_link": "https://www.googleapis.com/compute/v1/projects/redes-demo-2022-353122/global/forwardingRules/website-forwarding-rule",
            "target": "projects/redes-demo-2022-353122/global/targetHttpProxies/lb-target-http-proxy",
            "timeouts": null
          },
          "sensitive_attributes": [],
          "private": "eyJlMmJmYjczMC1lY2FhLTExZTYtOGY4OC0zNDM2M2JjN2M0YzAiOnsiY3JlYXRlIjoxMjAwMDAwMDAwMDAwLCJkZWxldGUiOjEyMDAwMDAwMDAwMDAsInVwZGF0ZSI6MTIwMDAwMDAwMDAwMH19",
          "dependencies": [
            "google_compute_backend_bucket.ice-cream-bucket",
            "google_compute_backend_service.backend",
            "google_compute_global_address.default",
            "google_compute_health_check.default",
            "google_compute_health_check.tcp-health-check",
            "google_compute_instance_template.web",
            "google_compute_network.vpc_network",
            "google_compute_region_instance_group_manager.web",
            "google_compute_subnetwork.subnet-priv-1",
            "google_compute_target_http_proxy.default",
            "google_compute_url_map.default",
            "google_storage_bucket.ice-cream-bucket"
          ]
        }
      ]
    },
    {
      "mode": "managed",
      "type": "google_compute_health_check",
      "name": "default",
      "provider": "provider[\"registry.terraform.io/hashicorp/google\"]",
      "instances": [
        {
          "schema_version": 0,
          "attributes": {
            "check_interval_sec": 5,
            "creation_timestamp": "2022-06-12T16:21:28.670-07:00",
            "description": "",
            "grpc_health_check": [],
            "healthy_threshold": 2,
            "http2_health_check": [],
            "http_health_check": [
              {
                "host": "",
                "port": 0,
                "port_name": "",
                "port_specification": "USE_SERVING_PORT",
                "proxy_header": "NONE",
                "request_path": "/",
                "response": ""
              }
            ],
            "https_health_check": [],
            "id": "projects/redes-demo-2022-353122/global/healthChecks/lb-hc",
            "log_config": [
              {
                "enable": false
              }
            ],
            "name": "lb-hc",
            "project": "redes-demo-2022-353122",
            "self_link": "https://www.googleapis.com/compute/v1/projects/redes-demo-2022-353122/global/healthChecks/lb-hc",
            "ssl_health_check": [],
            "tcp_health_check": [],
            "timeout_sec": 5,
            "timeouts": null,
            "type": "HTTP",
            "unhealthy_threshold": 2
          },
          "sensitive_attributes": [],
          "private": "eyJlMmJmYjczMC1lY2FhLTExZTYtOGY4OC0zNDM2M2JjN2M0YzAiOnsiY3JlYXRlIjoxMjAwMDAwMDAwMDAwLCJkZWxldGUiOjEyMDAwMDAwMDAwMDAsInVwZGF0ZSI6MTIwMDAwMDAwMDAwMH19"
        }
      ]
    },
    {
      "mode": "managed",
      "type": "google_compute_health_check",
      "name": "tcp-health-check",
      "provider": "provider[\"registry.terraform.io/hashicorp/google\"]",
      "instances": [
        {
          "schema_version": 0,
          "attributes": {
            "check_interval_sec": 1,
            "creation_timestamp": "2022-06-12T16:21:28.749-07:00",
            "description": "",
            "grpc_health_check": [],
            "healthy_threshold": 2,
            "http2_health_check": [],
            "http_health_check": [],
            "https_health_check": [],
            "id": "projects/redes-demo-2022-353122/global/healthChecks/tcp-health-check",
            "log_config": [
              {
                "enable": false
              }
            ],
            "name": "tcp-health-check",
            "project": "redes-demo-2022-353122",
            "self_link": "https://www.googleapis.com/compute/v1/projects/redes-demo-2022-353122/global/healthChecks/tcp-health-check",
            "ssl_health_check": [],
            "tcp_health_check": [
              {
                "port": 80,
                "port_name": "",
                "port_specification": "",
                "proxy_header": "NONE",
                "request": "",
                "response": ""
              }
            ],
            "timeout_sec": 1,
            "timeouts": null,
            "type": "TCP",
            "unhealthy_threshold": 2
          },
          "sensitive_attributes": [],
          "private": "eyJlMmJmYjczMC1lY2FhLTExZTYtOGY4OC0zNDM2M2JjN2M0YzAiOnsiY3JlYXRlIjoxMjAwMDAwMDAwMDAwLCJkZWxldGUiOjEyMDAwMDAwMDAwMDAsInVwZGF0ZSI6MTIwMDAwMDAwMDAwMH19"
        }
      ]
    },
    {
      "mode": "managed",
      "type": "google_compute_instance_template",
      "name": "web",
      "provider": "provider[\"registry.terraform.io/hashicorp/google\"]",
      "instances": [
        {
          "schema_version": 1,
          "attributes": {
            "advanced_machine_features": [],
            "can_ip_forward": false,
            "confidential_instance_config": null,
            "description": "",
            "disk": [
              {
                "auto_delete": true,
                "boot": true,
                "device_name": "persistent-disk-0",
                "disk_encryption_key": [],
                "disk_name": "",
                "disk_size_gb": 0,
                "disk_type": "pd-standard",
                "interface": "SCSI",
                "labels": null,
                "mode": "READ_WRITE",
                "resource_policies": null,
                "source": "",
                "source_image": "projects/debian-cloud/global/images/family/debian-9",
                "type": "PERSISTENT"
              }
            ],
            "guest_accelerator": [],
            "id": "projects/redes-demo-2022-353122/global/instanceTemplates/web-template",
            "instance_description": "",
            "labels": null,
            "machine_type": "e2-micro",
            "metadata": null,
            "metadata_fingerprint": "KoLPTR1yuXU=",
            "metadata_startup_script": "#!/bin/bash\napt update -y\napt install -y nginx\nsystemctl start nginx\nsystemctl enable nginx\nrm /etc/nginx/sites-enabled/default\nwget -O /etc/nginx/sites-enabled/api.conf https://raw.githubusercontent.com/isagues/terraform-demo/main/scripts/api.conf\nsystemctl reload nginx",
            "min_cpu_platform": "",
            "name": "web-template",
            "name_prefix": null,
            "network_interface": [
              {
                "access_config": [
                  {
                    "nat_ip": "",
                    "network_tier": "PREMIUM",
                    "public_ptr_domain_name": ""
                  }
                ],
                "alias_ip_range": [],
                "ipv6_access_config": [],
                "ipv6_access_type": "",
                "name": "nic0",
                "network": "https://www.googleapis.com/compute/v1/projects/redes-demo-2022-353122/global/networks/vpc-network",
                "network_ip": "",
                "nic_type": "",
                "queue_count": 0,
                "stack_type": "",
                "subnetwork": "https://www.googleapis.com/compute/v1/projects/redes-demo-2022-353122/regions/us-east1/subnetworks/subnet-priv-1",
                "subnetwork_project": "redes-demo-2022-353122"
              }
            ],
            "project": "redes-demo-2022-353122",
            "region": "us-east1",
            "reservation_affinity": [],
            "scheduling": [
              {
                "automatic_restart": true,
                "min_node_cpus": 0,
                "node_affinities": [],
                "on_host_maintenance": "MIGRATE",
                "preemptible": false,
                "provisioning_model": "STANDARD"
              }
            ],
            "self_link": "https://www.googleapis.com/compute/v1/projects/redes-demo-2022-353122/global/instanceTemplates/web-template",
            "service_account": [],
            "shielded_instance_config": [],
            "tags": [
              "allow-hc",
              "web-server"
            ],
            "tags_fingerprint": "",
            "timeouts": null
          },
          "sensitive_attributes": [],
          "private": "eyJlMmJmYjczMC1lY2FhLTExZTYtOGY4OC0zNDM2M2JjN2M0YzAiOnsiY3JlYXRlIjoyNDAwMDAwMDAwMDAsImRlbGV0ZSI6MjQwMDAwMDAwMDAwfSwic2NoZW1hX3ZlcnNpb24iOiIxIn0=",
          "dependencies": [
            "google_compute_network.vpc_network",
            "google_compute_subnetwork.subnet-priv-1"
          ]
        }
      ]
    },
    {
      "mode": "managed",
      "type": "google_compute_network",
      "name": "vpc_network",
      "provider": "provider[\"registry.terraform.io/hashicorp/google\"]",
      "instances": [
        {
          "schema_version": 0,
          "attributes": {
            "auto_create_subnetworks": false,
            "delete_default_routes_on_create": false,
            "description": "",
            "gateway_ipv4": "",
            "id": "projects/redes-demo-2022-353122/global/networks/vpc-network",
            "mtu": 1460,
            "name": "vpc-network",
            "project": "redes-demo-2022-353122",
            "routing_mode": "GLOBAL",
            "self_link": "https://www.googleapis.com/compute/v1/projects/redes-demo-2022-353122/global/networks/vpc-network",
            "timeouts": null
          },
          "sensitive_attributes": [],
          "private": "eyJlMmJmYjczMC1lY2FhLTExZTYtOGY4OC0zNDM2M2JjN2M0YzAiOnsiY3JlYXRlIjoxMjAwMDAwMDAwMDAwLCJkZWxldGUiOjEyMDAwMDAwMDAwMDAsInVwZGF0ZSI6MTIwMDAwMDAwMDAwMH19"
        }
      ]
    },
    {
      "mode": "managed",
      "type": "google_compute_region_instance_group_manager",
      "name": "web",
      "provider": "provider[\"registry.terraform.io/hashicorp/google\"]",
      "instances": [
        {
          "schema_version": 0,
          "attributes": {
            "auto_healing_policies": [
              {
                "health_check": "https://www.googleapis.com/compute/v1/projects/redes-demo-2022-353122/global/healthChecks/tcp-health-check",
                "initial_delay_sec": 300
              }
            ],
            "base_instance_name": "web",
            "description": "",
            "distribution_policy_target_shape": "EVEN",
            "distribution_policy_zones": [
              "us-east1-b",
              "us-east1-c",
              "us-east1-d"
            ],
            "fingerprint": "Hb1Sp_bgsSk=",
            "id": "projects/redes-demo-2022-353122/regions/us-east1/instanceGroupManagers/web-manager",
            "instance_group": "https://www.googleapis.com/compute/v1/projects/redes-demo-2022-353122/regions/us-east1/instanceGroups/web-manager",
            "name": "web-manager",
            "named_port": [],
            "project": "redes-demo-2022-353122",
            "region": "us-east1",
            "self_link": "https://www.googleapis.com/compute/v1/projects/redes-demo-2022-353122/regions/us-east1/instanceGroupManagers/web-manager",
            "stateful_disk": [],
            "status": [
              {
                "is_stable": false,
                "stateful": [
                  {
                    "has_stateful_config": false,
                    "per_instance_configs": [
                      {
                        "all_effective": true
                      }
                    ]
                  }
                ],
                "version_target": [
                  {
                    "is_reached": true
                  }
                ]
              }
            ],
            "target_pools": null,
            "target_size": 2,
            "timeouts": null,
            "update_policy": [
              {
                "instance_redistribution_type": "PROACTIVE",
                "max_surge_fixed": 3,
                "max_surge_percent": 0,
                "max_unavailable_fixed": 3,
                "max_unavailable_percent": 0,
                "minimal_action": "REPLACE",
                "most_disruptive_allowed_action": "",
                "replacement_method": "SUBSTITUTE",
                "type": "OPPORTUNISTIC"
              }
            ],
            "version": [
              {
                "instance_template": "https://www.googleapis.com/compute/v1/projects/redes-demo-2022-353122/global/instanceTemplates/web-template",
                "name": "",
                "target_size": []
              }
            ],
            "wait_for_instances": false,
            "wait_for_instances_status": "STABLE"
          },
          "sensitive_attributes": [],
          "private": "eyJlMmJmYjczMC1lY2FhLTExZTYtOGY4OC0zNDM2M2JjN2M0YzAiOnsiY3JlYXRlIjo5MDAwMDAwMDAwMDAsImRlbGV0ZSI6OTAwMDAwMDAwMDAwLCJ1cGRhdGUiOjkwMDAwMDAwMDAwMH19",
          "dependencies": [
            "google_compute_health_check.tcp-health-check",
            "google_compute_instance_template.web",
            "google_compute_network.vpc_network",
            "google_compute_subnetwork.subnet-priv-1"
          ]
        }
      ]
    },
    {
      "mode": "managed",
      "type": "google_compute_subnetwork",
      "name": "subnet-priv-1",
      "provider": "provider[\"registry.terraform.io/hashicorp/google\"]",
      "instances": [
        {
          "schema_version": 0,
          "attributes": {
            "creation_timestamp": "2022-06-12T16:21:41.003-07:00",
            "description": "",
            "external_ipv6_prefix": "",
            "fingerprint": null,
            "gateway_address": "10.0.0.1",
            "id": "projects/redes-demo-2022-353122/regions/us-east1/subnetworks/subnet-priv-1",
            "ip_cidr_range": "10.0.0.0/24",
            "ipv6_access_type": "",
            "ipv6_cidr_range": "",
            "log_config": [],
            "name": "subnet-priv-1",
            "network": "https://www.googleapis.com/compute/v1/projects/redes-demo-2022-353122/global/networks/vpc-network",
            "private_ip_google_access": false,
            "private_ipv6_google_access": "DISABLE_GOOGLE_ACCESS",
            "project": "redes-demo-2022-353122",
            "purpose": "PRIVATE",
            "region": "us-east1",
            "role": "",
            "secondary_ip_range": [
              {
                "ip_cidr_range": "192.168.10.0/24",
                "range_name": "tf-test-secondary-range-update1"
              }
            ],
            "self_link": "https://www.googleapis.com/compute/v1/projects/redes-demo-2022-353122/regions/us-east1/subnetworks/subnet-priv-1",
            "stack_type": "IPV4_ONLY",
            "timeouts": null
          },
          "sensitive_attributes": [],
          "private": "eyJlMmJmYjczMC1lY2FhLTExZTYtOGY4OC0zNDM2M2JjN2M0YzAiOnsiY3JlYXRlIjoxMjAwMDAwMDAwMDAwLCJkZWxldGUiOjEyMDAwMDAwMDAwMDAsInVwZGF0ZSI6MTIwMDAwMDAwMDAwMH19",
          "dependencies": [
            "google_compute_network.vpc_network"
          ]
        }
      ]
    },
    {
      "mode": "managed",
      "type": "google_compute_target_http_proxy",
      "name": "default",
      "provider": "provider[\"registry.terraform.io/hashicorp/google\"]",
      "instances": [
        {
          "schema_version": 0,
          "attributes": {
            "creation_timestamp": "2022-06-12T16:23:20.239-07:00",
            "description": "",
            "id": "projects/redes-demo-2022-353122/global/targetHttpProxies/lb-target-http-proxy",
            "name": "lb-target-http-proxy",
            "project": "redes-demo-2022-353122",
            "proxy_bind": false,
            "proxy_id": 3461951425658735495,
            "self_link": "https://www.googleapis.com/compute/v1/projects/redes-demo-2022-353122/global/targetHttpProxies/lb-target-http-proxy",
            "timeouts": null,
            "url_map": "https://www.googleapis.com/compute/v1/projects/redes-demo-2022-353122/global/urlMaps/lb-url-map"
          },
          "sensitive_attributes": [],
          "private": "eyJlMmJmYjczMC1lY2FhLTExZTYtOGY4OC0zNDM2M2JjN2M0YzAiOnsiY3JlYXRlIjoxMjAwMDAwMDAwMDAwLCJkZWxldGUiOjEyMDAwMDAwMDAwMDAsInVwZGF0ZSI6MTIwMDAwMDAwMDAwMH19",
          "dependencies": [
            "google_compute_backend_bucket.ice-cream-bucket",
            "google_compute_backend_service.backend",
            "google_compute_health_check.default",
            "google_compute_health_check.tcp-health-check",
            "google_compute_instance_template.web",
            "google_compute_network.vpc_network",
            "google_compute_region_instance_group_manager.web",
            "google_compute_subnetwork.subnet-priv-1",
            "google_compute_url_map.default",
            "google_storage_bucket.ice-cream-bucket"
          ]
        }
      ]
    },
    {
      "mode": "managed",
      "type": "google_compute_url_map",
      "name": "default",
      "provider": "provider[\"registry.terraform.io/hashicorp/google\"]",
      "instances": [
        {
          "schema_version": 0,
          "attributes": {
            "creation_timestamp": "2022-06-12T16:23:18.032-07:00",
            "default_route_action": [],
            "default_service": "https://www.googleapis.com/compute/v1/projects/redes-demo-2022-353122/global/backendBuckets/ice-cream-backend-bucket",
            "default_url_redirect": [],
            "description": "",
            "fingerprint": "JWzicpuzEKo=",
            "header_action": [],
            "host_rule": [
              {
                "description": "",
                "hosts": [
                  "*"
                ],
                "path_matcher": "allpaths"
              }
            ],
            "id": "projects/redes-demo-2022-353122/global/urlMaps/lb-url-map",
            "map_id": 6120109292198284169,
            "name": "lb-url-map",
            "path_matcher": [
              {
                "default_route_action": [],
                "default_service": "https://www.googleapis.com/compute/v1/projects/redes-demo-2022-353122/global/backendBuckets/ice-cream-backend-bucket",
                "default_url_redirect": [],
                "description": "",
                "header_action": [],
                "name": "allpaths",
                "path_rule": [
                  {
                    "paths": [
                      "/api",
                      "/api/*"
                    ],
                    "route_action": [],
                    "service": "https://www.googleapis.com/compute/v1/projects/redes-demo-2022-353122/global/backendServices/ilb-backend-subnet",
                    "url_redirect": []
                  },
                  {
                    "paths": [
                      "/bucket",
                      "/bucket/*"
                    ],
                    "route_action": [],
                    "service": "https://www.googleapis.com/compute/v1/projects/redes-demo-2022-353122/global/backendBuckets/ice-cream-backend-bucket",
                    "url_redirect": []
                  }
                ],
                "route_rules": []
              }
            ],
            "project": "redes-demo-2022-353122",
            "self_link": "https://www.googleapis.com/compute/v1/projects/redes-demo-2022-353122/global/urlMaps/lb-url-map",
            "test": [],
            "timeouts": null
          },
          "sensitive_attributes": [],
          "private": "eyJlMmJmYjczMC1lY2FhLTExZTYtOGY4OC0zNDM2M2JjN2M0YzAiOnsiY3JlYXRlIjoxMjAwMDAwMDAwMDAwLCJkZWxldGUiOjEyMDAwMDAwMDAwMDAsInVwZGF0ZSI6MTIwMDAwMDAwMDAwMH19",
          "dependencies": [
            "google_compute_backend_bucket.ice-cream-bucket",
            "google_compute_backend_service.backend",
            "google_compute_health_check.default",
            "google_compute_health_check.tcp-health-check",
            "google_compute_instance_template.web",
            "google_compute_network.vpc_network",
            "google_compute_region_instance_group_manager.web",
            "google_compute_subnetwork.subnet-priv-1",
            "google_storage_bucket.ice-cream-bucket"
          ]
        }
      ]
    },
    {
      "mode": "managed",
      "type": "google_project_iam_binding",
      "name": "bucketadmin",
      "provider": "provider[\"registry.terraform.io/hashicorp/google\"]",
      "instances": [
        {
          "schema_version": 0,
          "attributes": {
            "condition": [],
            "etag": "BwXhSG6S7LM=",
            "id": "redes-demo-2022-353122/roles/storage.admin",
            "members": [
              "user:tbrandy@itba.edu.ar"
            ],
            "project": "redes-demo-2022-353122",
            "role": "roles/storage.admin"
          },
          "sensitive_attributes": [],
          "private": "bnVsbA=="
        }
      ]
    },
    {
      "mode": "managed",
      "type": "google_project_iam_binding",
      "name": "computeadmin",
      "provider": "provider[\"registry.terraform.io/hashicorp/google\"]",
      "instances": [
        {
          "schema_version": 0,
          "attributes": {
            "condition": [],
            "etag": "BwXhSG6S7LM=",
            "id": "redes-demo-2022-353122/roles/compute.admin",
            "members": [
              "user:tbrandy@itba.edu.ar"
            ],
            "project": "redes-demo-2022-353122",
            "role": "roles/compute.admin"
          },
          "sensitive_attributes": [],
          "private": "bnVsbA=="
        }
      ]
    },
    {
      "mode": "managed",
      "type": "google_storage_bucket",
      "name": "ice-cream-bucket",
      "provider": "provider[\"registry.terraform.io/hashicorp/google\"]",
      "instances": [
        {
          "schema_version": 0,
          "attributes": {
            "cors": [
              {
                "max_age_seconds": 3600,
                "method": [
                  "GET",
                  "HEAD"
                ],
                "origin": [
                  "*"
                ],
                "response_header": [
                  "*"
                ]
              }
            ],
            "default_event_based_hold": false,
            "encryption": [],
            "force_destroy": true,
            "id": "ice-cream-bucket-2022a",
            "labels": null,
            "lifecycle_rule": [],
            "location": "US-EAST1",
            "logging": [],
            "name": "ice-cream-bucket-2022a",
            "project": "redes-demo-2022-353122",
            "requester_pays": false,
            "retention_policy": [],
            "self_link": "https://www.googleapis.com/storage/v1/b/ice-cream-bucket-2022a",
            "storage_class": "REGIONAL",
            "timeouts": null,
            "uniform_bucket_level_access": false,
            "url": "gs://ice-cream-bucket-2022a",
            "versioning": [],
            "website": [
              {
                "main_page_suffix": "index.html",
                "not_found_page": ""
              }
            ]
          },
          "sensitive_attributes": [],
          "private": "eyJlMmJmYjczMC1lY2FhLTExZTYtOGY4OC0zNDM2M2JjN2M0YzAiOnsiY3JlYXRlIjoyNDAwMDAwMDAwMDAsInJlYWQiOjI0MDAwMDAwMDAwMCwidXBkYXRlIjoyNDAwMDAwMDAwMDB9fQ=="
        }
      ]
    },
    {
      "mode": "managed",
      "type": "google_storage_bucket_iam_binding",
      "name": "bucketViewer",
      "provider": "provider[\"registry.terraform.io/hashicorp/google\"]",
      "instances": [
        {
          "schema_version": 0,
          "attributes": {
            "bucket": "b/ice-cream-bucket-2022a",
            "condition": [],
            "etag": "CAI=",
            "id": "b/ice-cream-bucket-2022a/roles/storage.objectViewer",
            "members": [
              "allUsers"
            ],
            "role": "roles/storage.objectViewer"
          },
          "sensitive_attributes": [],
          "private": "bnVsbA==",
          "dependencies": [
            "google_storage_bucket.ice-cream-bucket"
          ]
        }
      ]
    },
    {
      "mode": "managed",
      "type": "google_storage_bucket_object",
      "name": "css",
      "provider": "provider[\"registry.terraform.io/hashicorp/google\"]",
      "instances": [
        {
          "index_key": "css/style.css",
          "schema_version": 0,
          "attributes": {
            "bucket": "ice-cream-bucket-2022a",
            "cache_control": "",
            "content": null,
            "content_disposition": "",
            "content_encoding": "",
            "content_language": "",
            "content_type": "text/css",
            "crc32c": "b0eq9Q==",
            "customer_encryption": [],
            "detect_md5hash": "1CCPZwFCKVcIml2N8xQqcg==",
            "event_based_hold": false,
            "id": "ice-cream-bucket-2022a-css/style.css",
            "kms_key_name": "",
            "md5hash": "1CCPZwFCKVcIml2N8xQqcg==",
            "media_link": "https://storage.googleapis.com/download/storage/v1/b/ice-cream-bucket-2022a/o/css%2Fstyle.css?generation=1655076099611604\u0026alt=media",
            "metadata": null,
            "name": "css/style.css",
            "output_name": "css/style.css",
            "self_link": "https://www.googleapis.com/storage/v1/b/ice-cream-bucket-2022a/o/css%2Fstyle.css",
            "source": "../ice-cream/css/style.css",
            "storage_class": "REGIONAL",
            "temporary_hold": false,
            "timeouts": null
          },
          "sensitive_attributes": [],
          "private": "eyJlMmJmYjczMC1lY2FhLTExZTYtOGY4OC0zNDM2M2JjN2M0YzAiOnsiY3JlYXRlIjoyNDAwMDAwMDAwMDAsImRlbGV0ZSI6MjQwMDAwMDAwMDAwLCJ1cGRhdGUiOjI0MDAwMDAwMDAwMH19",
          "dependencies": [
            "google_storage_bucket.ice-cream-bucket"
          ]
        },
        {
          "index_key": "css/style.min.css",
          "schema_version": 0,
          "attributes": {
            "bucket": "ice-cream-bucket-2022a",
            "cache_control": "",
            "content": null,
            "content_disposition": "",
            "content_encoding": "",
            "content_language": "",
            "content_type": "text/css",
            "crc32c": "3M0IXA==",
            "customer_encryption": [],
            "detect_md5hash": "teUjMputmxAe8xEGekA7mw==",
            "event_based_hold": false,
            "id": "ice-cream-bucket-2022a-css/style.min.css",
            "kms_key_name": "",
            "md5hash": "teUjMputmxAe8xEGekA7mw==",
            "media_link": "https://storage.googleapis.com/download/storage/v1/b/ice-cream-bucket-2022a/o/css%2Fstyle.min.css?generation=1655076090713083\u0026alt=media",
            "metadata": null,
            "name": "css/style.min.css",
            "output_name": "css/style.min.css",
            "self_link": "https://www.googleapis.com/storage/v1/b/ice-cream-bucket-2022a/o/css%2Fstyle.min.css",
            "source": "../ice-cream/css/style.min.css",
            "storage_class": "REGIONAL",
            "temporary_hold": false,
            "timeouts": null
          },
          "sensitive_attributes": [],
          "private": "eyJlMmJmYjczMC1lY2FhLTExZTYtOGY4OC0zNDM2M2JjN2M0YzAiOnsiY3JlYXRlIjoyNDAwMDAwMDAwMDAsImRlbGV0ZSI6MjQwMDAwMDAwMDAwLCJ1cGRhdGUiOjI0MDAwMDAwMDAwMH19",
          "dependencies": [
            "google_storage_bucket.ice-cream-bucket"
          ]
        },
        {
          "index_key": "lib/lightbox/css/lightbox.css",
          "schema_version": 0,
          "attributes": {
            "bucket": "ice-cream-bucket-2022a",
            "cache_control": "",
            "content": null,
            "content_disposition": "",
            "content_encoding": "",
            "content_language": "",
            "content_type": "text/css",
            "crc32c": "1qrV9Q==",
            "customer_encryption": [],
            "detect_md5hash": "Bv12xWgVOY1Oigdxut6kDQ==",
            "event_based_hold": false,
            "id": "ice-cream-bucket-2022a-lib/lightbox/css/lightbox.css",
            "kms_key_name": "",
            "md5hash": "Bv12xWgVOY1Oigdxut6kDQ==",
            "media_link": "https://storage.googleapis.com/download/storage/v1/b/ice-cream-bucket-2022a/o/lib%2Flightbox%2Fcss%2Flightbox.css?generation=1655076099418919\u0026alt=media",
            "metadata": null,
            "name": "lib/lightbox/css/lightbox.css",
            "output_name": "lib/lightbox/css/lightbox.css",
            "self_link": "https://www.googleapis.com/storage/v1/b/ice-cream-bucket-2022a/o/lib%2Flightbox%2Fcss%2Flightbox.css",
            "source": "../ice-cream/lib/lightbox/css/lightbox.css",
            "storage_class": "REGIONAL",
            "temporary_hold": false,
            "timeouts": null
          },
          "sensitive_attributes": [],
          "private": "eyJlMmJmYjczMC1lY2FhLTExZTYtOGY4OC0zNDM2M2JjN2M0YzAiOnsiY3JlYXRlIjoyNDAwMDAwMDAwMDAsImRlbGV0ZSI6MjQwMDAwMDAwMDAwLCJ1cGRhdGUiOjI0MDAwMDAwMDAwMH19",
          "dependencies": [
            "google_storage_bucket.ice-cream-bucket"
          ]
        },
        {
          "index_key": "lib/lightbox/css/lightbox.min.css",
          "schema_version": 0,
          "attributes": {
            "bucket": "ice-cream-bucket-2022a",
            "cache_control": "",
            "content": null,
            "content_disposition": "",
            "content_encoding": "",
            "content_language": "",
            "content_type": "text/css",
            "crc32c": "zvK4ew==",
            "customer_encryption": [],
            "detect_md5hash": "dnk4137vNWsbp2w4lzhJSA==",
            "event_based_hold": false,
            "id": "ice-cream-bucket-2022a-lib/lightbox/css/lightbox.min.css",
            "kms_key_name": "",
            "md5hash": "dnk4137vNWsbp2w4lzhJSA==",
            "media_link": "https://storage.googleapis.com/download/storage/v1/b/ice-cream-bucket-2022a/o/lib%2Flightbox%2Fcss%2Flightbox.min.css?generation=1655076091264137\u0026alt=media",
            "metadata": null,
            "name": "lib/lightbox/css/lightbox.min.css",
            "output_name": "lib/lightbox/css/lightbox.min.css",
            "self_link": "https://www.googleapis.com/storage/v1/b/ice-cream-bucket-2022a/o/lib%2Flightbox%2Fcss%2Flightbox.min.css",
            "source": "../ice-cream/lib/lightbox/css/lightbox.min.css",
            "storage_class": "REGIONAL",
            "temporary_hold": false,
            "timeouts": null
          },
          "sensitive_attributes": [],
          "private": "eyJlMmJmYjczMC1lY2FhLTExZTYtOGY4OC0zNDM2M2JjN2M0YzAiOnsiY3JlYXRlIjoyNDAwMDAwMDAwMDAsImRlbGV0ZSI6MjQwMDAwMDAwMDAwLCJ1cGRhdGUiOjI0MDAwMDAwMDAwMH19",
          "dependencies": [
            "google_storage_bucket.ice-cream-bucket"
          ]
        },
        {
          "index_key": "lib/owlcarousel/assets/owl.carousel.css",
          "schema_version": 0,
          "attributes": {
            "bucket": "ice-cream-bucket-2022a",
            "cache_control": "",
            "content": null,
            "content_disposition": "",
            "content_encoding": "",
            "content_language": "",
            "content_type": "text/css",
            "crc32c": "hjUTPg==",
            "customer_encryption": [],
            "detect_md5hash": "g+8Je+EPg+n5maVcNKBL6w==",
            "event_based_hold": false,
            "id": "ice-cream-bucket-2022a-lib/owlcarousel/assets/owl.carousel.css",
            "kms_key_name": "",
            "md5hash": "g+8Je+EPg+n5maVcNKBL6w==",
            "media_link": "https://storage.googleapis.com/download/storage/v1/b/ice-cream-bucket-2022a/o/lib%2Fowlcarousel%2Fassets%2Fowl.carousel.css?generation=1655076090218752\u0026alt=media",
            "metadata": null,
            "name": "lib/owlcarousel/assets/owl.carousel.css",
            "output_name": "lib/owlcarousel/assets/owl.carousel.css",
            "self_link": "https://www.googleapis.com/storage/v1/b/ice-cream-bucket-2022a/o/lib%2Fowlcarousel%2Fassets%2Fowl.carousel.css",
            "source": "../ice-cream/lib/owlcarousel/assets/owl.carousel.css",
            "storage_class": "REGIONAL",
            "temporary_hold": false,
            "timeouts": null
          },
          "sensitive_attributes": [],
          "private": "eyJlMmJmYjczMC1lY2FhLTExZTYtOGY4OC0zNDM2M2JjN2M0YzAiOnsiY3JlYXRlIjoyNDAwMDAwMDAwMDAsImRlbGV0ZSI6MjQwMDAwMDAwMDAwLCJ1cGRhdGUiOjI0MDAwMDAwMDAwMH19",
          "dependencies": [
            "google_storage_bucket.ice-cream-bucket"
          ]
        },
        {
          "index_key": "lib/owlcarousel/assets/owl.carousel.min.css",
          "schema_version": 0,
          "attributes": {
            "bucket": "ice-cream-bucket-2022a",
            "cache_control": "",
            "content": null,
            "content_disposition": "",
            "content_encoding": "",
            "content_language": "",
            "content_type": "text/css",
            "crc32c": "RVQw3A==",
            "customer_encryption": [],
            "detect_md5hash": "3g37q+Ynr6G3GNhItrWOlw==",
            "event_based_hold": false,
            "id": "ice-cream-bucket-2022a-lib/owlcarousel/assets/owl.carousel.min.css",
            "kms_key_name": "",
            "md5hash": "3g37q+Ynr6G3GNhItrWOlw==",
            "media_link": "https://storage.googleapis.com/download/storage/v1/b/ice-cream-bucket-2022a/o/lib%2Fowlcarousel%2Fassets%2Fowl.carousel.min.css?generation=1655076089616299\u0026alt=media",
            "metadata": null,
            "name": "lib/owlcarousel/assets/owl.carousel.min.css",
            "output_name": "lib/owlcarousel/assets/owl.carousel.min.css",
            "self_link": "https://www.googleapis.com/storage/v1/b/ice-cream-bucket-2022a/o/lib%2Fowlcarousel%2Fassets%2Fowl.carousel.min.css",
            "source": "../ice-cream/lib/owlcarousel/assets/owl.carousel.min.css",
            "storage_class": "REGIONAL",
            "temporary_hold": false,
            "timeouts": null
          },
          "sensitive_attributes": [],
          "private": "eyJlMmJmYjczMC1lY2FhLTExZTYtOGY4OC0zNDM2M2JjN2M0YzAiOnsiY3JlYXRlIjoyNDAwMDAwMDAwMDAsImRlbGV0ZSI6MjQwMDAwMDAwMDAwLCJ1cGRhdGUiOjI0MDAwMDAwMDAwMH19",
          "dependencies": [
            "google_storage_bucket.ice-cream-bucket"
          ]
        },
        {
          "index_key": "lib/owlcarousel/assets/owl.theme.default.css",
          "schema_version": 0,
          "attributes": {
            "bucket": "ice-cream-bucket-2022a",
            "cache_control": "",
            "content": null,
            "content_disposition": "",
            "content_encoding": "",
            "content_language": "",
            "content_type": "text/css",
            "crc32c": "lq2qQQ==",
            "customer_encryption": [],
            "detect_md5hash": "Jt1+vZb2Eb/3DZe9HrJMoQ==",
            "event_based_hold": false,
            "id": "ice-cream-bucket-2022a-lib/owlcarousel/assets/owl.theme.default.css",
            "kms_key_name": "",
            "md5hash": "Jt1+vZb2Eb/3DZe9HrJMoQ==",
            "media_link": "https://storage.googleapis.com/download/storage/v1/b/ice-cream-bucket-2022a/o/lib%2Fowlcarousel%2Fassets%2Fowl.theme.default.css?generation=1655076097219400\u0026alt=media",
            "metadata": null,
            "name": "lib/owlcarousel/assets/owl.theme.default.css",
            "output_name": "lib/owlcarousel/assets/owl.theme.default.css",
            "self_link": "https://www.googleapis.com/storage/v1/b/ice-cream-bucket-2022a/o/lib%2Fowlcarousel%2Fassets%2Fowl.theme.default.css",
            "source": "../ice-cream/lib/owlcarousel/assets/owl.theme.default.css",
            "storage_class": "REGIONAL",
            "temporary_hold": false,
            "timeouts": null
          },
          "sensitive_attributes": [],
          "private": "eyJlMmJmYjczMC1lY2FhLTExZTYtOGY4OC0zNDM2M2JjN2M0YzAiOnsiY3JlYXRlIjoyNDAwMDAwMDAwMDAsImRlbGV0ZSI6MjQwMDAwMDAwMDAwLCJ1cGRhdGUiOjI0MDAwMDAwMDAwMH19",
          "dependencies": [
            "google_storage_bucket.ice-cream-bucket"
          ]
        },
        {
          "index_key": "lib/owlcarousel/assets/owl.theme.default.min.css",
          "schema_version": 0,
          "attributes": {
            "bucket": "ice-cream-bucket-2022a",
            "cache_control": "",
            "content": null,
            "content_disposition": "",
            "content_encoding": "",
            "content_language": "",
            "content_type": "text/css",
            "crc32c": "aDSDTQ==",
            "customer_encryption": [],
            "detect_md5hash": "J1BIojxpwkxr0zFtmkWILg==",
            "event_based_hold": false,
            "id": "ice-cream-bucket-2022a-lib/owlcarousel/assets/owl.theme.default.min.css",
            "kms_key_name": "",
            "md5hash": "J1BIojxpwkxr0zFtmkWILg==",
            "media_link": "https://storage.googleapis.com/download/storage/v1/b/ice-cream-bucket-2022a/o/lib%2Fowlcarousel%2Fassets%2Fowl.theme.default.min.css?generation=1655076099317719\u0026alt=media",
            "metadata": null,
            "name": "lib/owlcarousel/assets/owl.theme.default.min.css",
            "output_name": "lib/owlcarousel/assets/owl.theme.default.min.css",
            "self_link": "https://www.googleapis.com/storage/v1/b/ice-cream-bucket-2022a/o/lib%2Fowlcarousel%2Fassets%2Fowl.theme.default.min.css",
            "source": "../ice-cream/lib/owlcarousel/assets/owl.theme.default.min.css",
            "storage_class": "REGIONAL",
            "temporary_hold": false,
            "timeouts": null
          },
          "sensitive_attributes": [],
          "private": "eyJlMmJmYjczMC1lY2FhLTExZTYtOGY4OC0zNDM2M2JjN2M0YzAiOnsiY3JlYXRlIjoyNDAwMDAwMDAwMDAsImRlbGV0ZSI6MjQwMDAwMDAwMDAwLCJ1cGRhdGUiOjI0MDAwMDAwMDAwMH19",
          "dependencies": [
            "google_storage_bucket.ice-cream-bucket"
          ]
        },
        {
          "index_key": "lib/owlcarousel/assets/owl.theme.green.css",
          "schema_version": 0,
          "attributes": {
            "bucket": "ice-cream-bucket-2022a",
            "cache_control": "",
            "content": null,
            "content_disposition": "",
            "content_encoding": "",
            "content_language": "",
            "content_type": "text/css",
            "crc32c": "RqmPkw==",
            "customer_encryption": [],
            "detect_md5hash": "jXgRLa8VQ/n5KcYKVzXOKw==",
            "event_based_hold": false,
            "id": "ice-cream-bucket-2022a-lib/owlcarousel/assets/owl.theme.green.css",
            "kms_key_name": "",
            "md5hash": "jXgRLa8VQ/n5KcYKVzXOKw==",
            "media_link": "https://storage.googleapis.com/download/storage/v1/b/ice-cream-bucket-2022a/o/lib%2Fowlcarousel%2Fassets%2Fowl.theme.green.css?generation=1655076089618959\u0026alt=media",
            "metadata": null,
            "name": "lib/owlcarousel/assets/owl.theme.green.css",
            "output_name": "lib/owlcarousel/assets/owl.theme.green.css",
            "self_link": "https://www.googleapis.com/storage/v1/b/ice-cream-bucket-2022a/o/lib%2Fowlcarousel%2Fassets%2Fowl.theme.green.css",
            "source": "../ice-cream/lib/owlcarousel/assets/owl.theme.green.css",
            "storage_class": "REGIONAL",
            "temporary_hold": false,
            "timeouts": null
          },
          "sensitive_attributes": [],
          "private": "eyJlMmJmYjczMC1lY2FhLTExZTYtOGY4OC0zNDM2M2JjN2M0YzAiOnsiY3JlYXRlIjoyNDAwMDAwMDAwMDAsImRlbGV0ZSI6MjQwMDAwMDAwMDAwLCJ1cGRhdGUiOjI0MDAwMDAwMDAwMH19",
          "dependencies": [
            "google_storage_bucket.ice-cream-bucket"
          ]
        },
        {
          "index_key": "lib/owlcarousel/assets/owl.theme.green.min.css",
          "schema_version": 0,
          "attributes": {
            "bucket": "ice-cream-bucket-2022a",
            "cache_control": "",
            "content": null,
            "content_disposition": "",
            "content_encoding": "",
            "content_language": "",
            "content_type": "text/css",
            "crc32c": "ija0tA==",
            "customer_encryption": [],
            "detect_md5hash": "ladnKF27j5HsXWSCFVvQ4w==",
            "event_based_hold": false,
            "id": "ice-cream-bucket-2022a-lib/owlcarousel/assets/owl.theme.green.min.css",
            "kms_key_name": "",
            "md5hash": "ladnKF27j5HsXWSCFVvQ4w==",
            "media_link": "https://storage.googleapis.com/download/storage/v1/b/ice-cream-bucket-2022a/o/lib%2Fowlcarousel%2Fassets%2Fowl.theme.green.min.css?generation=1655076090317985\u0026alt=media",
            "metadata": null,
            "name": "lib/owlcarousel/assets/owl.theme.green.min.css",
            "output_name": "lib/owlcarousel/assets/owl.theme.green.min.css",
            "self_link": "https://www.googleapis.com/storage/v1/b/ice-cream-bucket-2022a/o/lib%2Fowlcarousel%2Fassets%2Fowl.theme.green.min.css",
            "source": "../ice-cream/lib/owlcarousel/assets/owl.theme.green.min.css",
            "storage_class": "REGIONAL",
            "temporary_hold": false,
            "timeouts": null
          },
          "sensitive_attributes": [],
          "private": "eyJlMmJmYjczMC1lY2FhLTExZTYtOGY4OC0zNDM2M2JjN2M0YzAiOnsiY3JlYXRlIjoyNDAwMDAwMDAwMDAsImRlbGV0ZSI6MjQwMDAwMDAwMDAwLCJ1cGRhdGUiOjI0MDAwMDAwMDAwMH19",
          "dependencies": [
            "google_storage_bucket.ice-cream-bucket"
          ]
        }
      ]
    },
    {
      "mode": "managed",
      "type": "google_storage_bucket_object",
      "name": "html",
      "provider": "provider[\"registry.terraform.io/hashicorp/google\"]",
      "instances": [
        {
          "index_key": "about.html",
          "schema_version": 0,
          "attributes": {
            "bucket": "ice-cream-bucket-2022a",
            "cache_control": "",
            "content": null,
            "content_disposition": "",
            "content_encoding": "",
            "content_language": "",
            "content_type": "text/html",
            "crc32c": "TZ87mQ==",
            "customer_encryption": [],
            "detect_md5hash": "FNU0C9pM7fr7K471BjAtZA==",
            "event_based_hold": false,
            "id": "ice-cream-bucket-2022a-about.html",
            "kms_key_name": "",
            "md5hash": "FNU0C9pM7fr7K471BjAtZA==",
            "media_link": "https://storage.googleapis.com/download/storage/v1/b/ice-cream-bucket-2022a/o/about.html?generation=1655076091316580\u0026alt=media",
            "metadata": null,
            "name": "about.html",
            "output_name": "about.html",
            "self_link": "https://www.googleapis.com/storage/v1/b/ice-cream-bucket-2022a/o/about.html",
            "source": "../ice-cream/about.html",
            "storage_class": "REGIONAL",
            "temporary_hold": false,
            "timeouts": null
          },
          "sensitive_attributes": [],
          "private": "eyJlMmJmYjczMC1lY2FhLTExZTYtOGY4OC0zNDM2M2JjN2M0YzAiOnsiY3JlYXRlIjoyNDAwMDAwMDAwMDAsImRlbGV0ZSI6MjQwMDAwMDAwMDAwLCJ1cGRhdGUiOjI0MDAwMDAwMDAwMH19",
          "dependencies": [
            "google_storage_bucket.ice-cream-bucket"
          ]
        },
        {
          "index_key": "contact.html",
          "schema_version": 0,
          "attributes": {
            "bucket": "ice-cream-bucket-2022a",
            "cache_control": "",
            "content": null,
            "content_disposition": "",
            "content_encoding": "",
            "content_language": "",
            "content_type": "text/html",
            "crc32c": "Hf+0ZA==",
            "customer_encryption": [],
            "detect_md5hash": "cf/vlHFNRWAM3snva6vWgg==",
            "event_based_hold": false,
            "id": "ice-cream-bucket-2022a-contact.html",
            "kms_key_name": "",
            "md5hash": "cf/vlHFNRWAM3snva6vWgg==",
            "media_link": "https://storage.googleapis.com/download/storage/v1/b/ice-cream-bucket-2022a/o/contact.html?generation=1655076099220600\u0026alt=media",
            "metadata": null,
            "name": "contact.html",
            "output_name": "contact.html",
            "self_link": "https://www.googleapis.com/storage/v1/b/ice-cream-bucket-2022a/o/contact.html",
            "source": "../ice-cream/contact.html",
            "storage_class": "REGIONAL",
            "temporary_hold": false,
            "timeouts": null
          },
          "sensitive_attributes": [],
          "private": "eyJlMmJmYjczMC1lY2FhLTExZTYtOGY4OC0zNDM2M2JjN2M0YzAiOnsiY3JlYXRlIjoyNDAwMDAwMDAwMDAsImRlbGV0ZSI6MjQwMDAwMDAwMDAwLCJ1cGRhdGUiOjI0MDAwMDAwMDAwMH19",
          "dependencies": [
            "google_storage_bucket.ice-cream-bucket"
          ]
        },
        {
          "index_key": "gallery.html",
          "schema_version": 0,
          "attributes": {
            "bucket": "ice-cream-bucket-2022a",
            "cache_control": "",
            "content": null,
            "content_disposition": "",
            "content_encoding": "",
            "content_language": "",
            "content_type": "text/html",
            "crc32c": "5L8D5g==",
            "customer_encryption": [],
            "detect_md5hash": "p4RSKPO1cYEi8FqWdEbEuw==",
            "event_based_hold": false,
            "id": "ice-cream-bucket-2022a-gallery.html",
            "kms_key_name": "",
            "md5hash": "p4RSKPO1cYEi8FqWdEbEuw==",
            "media_link": "https://storage.googleapis.com/download/storage/v1/b/ice-cream-bucket-2022a/o/gallery.html?generation=1655076089718822\u0026alt=media",
            "metadata": null,
            "name": "gallery.html",
            "output_name": "gallery.html",
            "self_link": "https://www.googleapis.com/storage/v1/b/ice-cream-bucket-2022a/o/gallery.html",
            "source": "../ice-cream/gallery.html",
            "storage_class": "REGIONAL",
            "temporary_hold": false,
            "timeouts": null
          },
          "sensitive_attributes": [],
          "private": "eyJlMmJmYjczMC1lY2FhLTExZTYtOGY4OC0zNDM2M2JjN2M0YzAiOnsiY3JlYXRlIjoyNDAwMDAwMDAwMDAsImRlbGV0ZSI6MjQwMDAwMDAwMDAwLCJ1cGRhdGUiOjI0MDAwMDAwMDAwMH19",
          "dependencies": [
            "google_storage_bucket.ice-cream-bucket"
          ]
        },
        {
          "index_key": "index.html",
          "schema_version": 0,
          "attributes": {
            "bucket": "ice-cream-bucket-2022a",
            "cache_control": "",
            "content": null,
            "content_disposition": "",
            "content_encoding": "",
            "content_language": "",
            "content_type": "text/html",
            "crc32c": "r1ri9A==",
            "customer_encryption": [],
            "detect_md5hash": "NF0WWXeM/+ZchVxQNauShg==",
            "event_based_hold": false,
            "id": "ice-cream-bucket-2022a-index.html",
            "kms_key_name": "",
            "md5hash": "NF0WWXeM/+ZchVxQNauShg==",
            "media_link": "https://storage.googleapis.com/download/storage/v1/b/ice-cream-bucket-2022a/o/index.html?generation=1655076098718376\u0026alt=media",
            "metadata": null,
            "name": "index.html",
            "output_name": "index.html",
            "self_link": "https://www.googleapis.com/storage/v1/b/ice-cream-bucket-2022a/o/index.html",
            "source": "../ice-cream/index.html",
            "storage_class": "REGIONAL",
            "temporary_hold": false,
            "timeouts": null
          },
          "sensitive_attributes": [],
          "private": "eyJlMmJmYjczMC1lY2FhLTExZTYtOGY4OC0zNDM2M2JjN2M0YzAiOnsiY3JlYXRlIjoyNDAwMDAwMDAwMDAsImRlbGV0ZSI6MjQwMDAwMDAwMDAwLCJ1cGRhdGUiOjI0MDAwMDAwMDAwMH19",
          "dependencies": [
            "google_storage_bucket.ice-cream-bucket"
          ]
        },
        {
          "index_key": "product.html",
          "schema_version": 0,
          "attributes": {
            "bucket": "ice-cream-bucket-2022a",
            "cache_control": "",
            "content": null,
            "content_disposition": "",
            "content_encoding": "",
            "content_language": "",
            "content_type": "text/html",
            "crc32c": "dkPY6g==",
            "customer_encryption": [],
            "detect_md5hash": "rpS0MMxnuArGlGCB5rOI1g==",
            "event_based_hold": false,
            "id": "ice-cream-bucket-2022a-product.html",
            "kms_key_name": "",
            "md5hash": "rpS0MMxnuArGlGCB5rOI1g==",
            "media_link": "https://storage.googleapis.com/download/storage/v1/b/ice-cream-bucket-2022a/o/product.html?generation=1655076099325098\u0026alt=media",
            "metadata": null,
            "name": "product.html",
            "output_name": "product.html",
            "self_link": "https://www.googleapis.com/storage/v1/b/ice-cream-bucket-2022a/o/product.html",
            "source": "../ice-cream/product.html",
            "storage_class": "REGIONAL",
            "temporary_hold": false,
            "timeouts": null
          },
          "sensitive_attributes": [],
          "private": "eyJlMmJmYjczMC1lY2FhLTExZTYtOGY4OC0zNDM2M2JjN2M0YzAiOnsiY3JlYXRlIjoyNDAwMDAwMDAwMDAsImRlbGV0ZSI6MjQwMDAwMDAwMDAwLCJ1cGRhdGUiOjI0MDAwMDAwMDAwMH19",
          "dependencies": [
            "google_storage_bucket.ice-cream-bucket"
          ]
        },
        {
          "index_key": "service.html",
          "schema_version": 0,
          "attributes": {
            "bucket": "ice-cream-bucket-2022a",
            "cache_control": "",
            "content": null,
            "content_disposition": "",
            "content_encoding": "",
            "content_language": "",
            "content_type": "text/html",
            "crc32c": "Q1Upaw==",
            "customer_encryption": [],
            "detect_md5hash": "pDcjzBSlCAM72wMRLoEBKQ==",
            "event_based_hold": false,
            "id": "ice-cream-bucket-2022a-service.html",
            "kms_key_name": "",
            "md5hash": "pDcjzBSlCAM72wMRLoEBKQ==",
            "media_link": "https://storage.googleapis.com/download/storage/v1/b/ice-cream-bucket-2022a/o/service.html?generation=1655076093516782\u0026alt=media",
            "metadata": null,
            "name": "service.html",
            "output_name": "service.html",
            "self_link": "https://www.googleapis.com/storage/v1/b/ice-cream-bucket-2022a/o/service.html",
            "source": "../ice-cream/service.html",
            "storage_class": "REGIONAL",
            "temporary_hold": false,
            "timeouts": null
          },
          "sensitive_attributes": [],
          "private": "eyJlMmJmYjczMC1lY2FhLTExZTYtOGY4OC0zNDM2M2JjN2M0YzAiOnsiY3JlYXRlIjoyNDAwMDAwMDAwMDAsImRlbGV0ZSI6MjQwMDAwMDAwMDAwLCJ1cGRhdGUiOjI0MDAwMDAwMDAwMH19",
          "dependencies": [
            "google_storage_bucket.ice-cream-bucket"
          ]
        }
      ]
    },
    {
      "mode": "managed",
      "type": "google_storage_bucket_object",
      "name": "jpg",
      "provider": "provider[\"registry.terraform.io/hashicorp/google\"]",
      "instances": [
        {
          "index_key": "ice-cream-shop-website-template.jpg",
          "schema_version": 0,
          "attributes": {
            "bucket": "ice-cream-bucket-2022a",
            "cache_control": "",
            "content": null,
            "content_disposition": "",
            "content_encoding": "",
            "content_language": "",
            "content_type": "text/jpg",
            "crc32c": "kA5Qag==",
            "customer_encryption": [],
            "detect_md5hash": "9npd+q3FCN1tzoyJ6zTZIg==",
            "event_based_hold": false,
            "id": "ice-cream-bucket-2022a-ice-cream-shop-website-template.jpg",
            "kms_key_name": "",
            "md5hash": "9npd+q3FCN1tzoyJ6zTZIg==",
            "media_link": "https://storage.googleapis.com/download/storage/v1/b/ice-cream-bucket-2022a/o/ice-cream-shop-website-template.jpg?generation=1655076098112053\u0026alt=media",
            "metadata": null,
            "name": "ice-cream-shop-website-template.jpg",
            "output_name": "ice-cream-shop-website-template.jpg",
            "self_link": "https://www.googleapis.com/storage/v1/b/ice-cream-bucket-2022a/o/ice-cream-shop-website-template.jpg",
            "source": "../ice-cream/ice-cream-shop-website-template.jpg",
            "storage_class": "REGIONAL",
            "temporary_hold": false,
            "timeouts": null
          },
          "sensitive_attributes": [],
          "private": "eyJlMmJmYjczMC1lY2FhLTExZTYtOGY4OC0zNDM2M2JjN2M0YzAiOnsiY3JlYXRlIjoyNDAwMDAwMDAwMDAsImRlbGV0ZSI6MjQwMDAwMDAwMDAwLCJ1cGRhdGUiOjI0MDAwMDAwMDAwMH19",
          "dependencies": [
            "google_storage_bucket.ice-cream-bucket"
          ]
        },
        {
          "index_key": "img/about.jpg",
          "schema_version": 0,
          "attributes": {
            "bucket": "ice-cream-bucket-2022a",
            "cache_control": "",
            "content": null,
            "content_disposition": "",
            "content_encoding": "",
            "content_language": "",
            "content_type": "text/jpg",
            "crc32c": "cPjJDg==",
            "customer_encryption": [],
            "detect_md5hash": "CE/3hUXh6G8Nik/bzQ2g+Q==",
            "event_based_hold": false,
            "id": "ice-cream-bucket-2022a-img/about.jpg",
            "kms_key_name": "",
            "md5hash": "CE/3hUXh6G8Nik/bzQ2g+Q==",
            "media_link": "https://storage.googleapis.com/download/storage/v1/b/ice-cream-bucket-2022a/o/img%2Fabout.jpg?generation=1655076091919348\u0026alt=media",
            "metadata": null,
            "name": "img/about.jpg",
            "output_name": "img/about.jpg",
            "self_link": "https://www.googleapis.com/storage/v1/b/ice-cream-bucket-2022a/o/img%2Fabout.jpg",
            "source": "../ice-cream/img/about.jpg",
            "storage_class": "REGIONAL",
            "temporary_hold": false,
            "timeouts": null
          },
          "sensitive_attributes": [],
          "private": "eyJlMmJmYjczMC1lY2FhLTExZTYtOGY4OC0zNDM2M2JjN2M0YzAiOnsiY3JlYXRlIjoyNDAwMDAwMDAwMDAsImRlbGV0ZSI6MjQwMDAwMDAwMDAwLCJ1cGRhdGUiOjI0MDAwMDAwMDAwMH19",
          "dependencies": [
            "google_storage_bucket.ice-cream-bucket"
          ]
        },
        {
          "index_key": "img/carousel-1.jpg",
          "schema_version": 0,
          "attributes": {
            "bucket": "ice-cream-bucket-2022a",
            "cache_control": "",
            "content": null,
            "content_disposition": "",
            "content_encoding": "",
            "content_language": "",
            "content_type": "text/jpg",
            "crc32c": "SaFrvw==",
            "customer_encryption": [],
            "detect_md5hash": "1lx08YECvxcgIJNsNf3KGQ==",
            "event_based_hold": false,
            "id": "ice-cream-bucket-2022a-img/carousel-1.jpg",
            "kms_key_name": "",
            "md5hash": "1lx08YECvxcgIJNsNf3KGQ==",
            "media_link": "https://storage.googleapis.com/download/storage/v1/b/ice-cream-bucket-2022a/o/img%2Fcarousel-1.jpg?generation=1655076092110575\u0026alt=media",
            "metadata": null,
            "name": "img/carousel-1.jpg",
            "output_name": "img/carousel-1.jpg",
            "self_link": "https://www.googleapis.com/storage/v1/b/ice-cream-bucket-2022a/o/img%2Fcarousel-1.jpg",
            "source": "../ice-cream/img/carousel-1.jpg",
            "storage_class": "REGIONAL",
            "temporary_hold": false,
            "timeouts": null
          },
          "sensitive_attributes": [],
          "private": "eyJlMmJmYjczMC1lY2FhLTExZTYtOGY4OC0zNDM2M2JjN2M0YzAiOnsiY3JlYXRlIjoyNDAwMDAwMDAwMDAsImRlbGV0ZSI6MjQwMDAwMDAwMDAwLCJ1cGRhdGUiOjI0MDAwMDAwMDAwMH19",
          "dependencies": [
            "google_storage_bucket.ice-cream-bucket"
          ]
        },
        {
          "index_key": "img/carousel-2.jpg",
          "schema_version": 0,
          "attributes": {
            "bucket": "ice-cream-bucket-2022a",
            "cache_control": "",
            "content": null,
            "content_disposition": "",
            "content_encoding": "",
            "content_language": "",
            "content_type": "text/jpg",
            "crc32c": "8l2tug==",
            "customer_encryption": [],
            "detect_md5hash": "cdNEsYctUFXQOwbxTFu7UA==",
            "event_based_hold": false,
            "id": "ice-cream-bucket-2022a-img/carousel-2.jpg",
            "kms_key_name": "",
            "md5hash": "cdNEsYctUFXQOwbxTFu7UA==",
            "media_link": "https://storage.googleapis.com/download/storage/v1/b/ice-cream-bucket-2022a/o/img%2Fcarousel-2.jpg?generation=1655076098911452\u0026alt=media",
            "metadata": null,
            "name": "img/carousel-2.jpg",
            "output_name": "img/carousel-2.jpg",
            "self_link": "https://www.googleapis.com/storage/v1/b/ice-cream-bucket-2022a/o/img%2Fcarousel-2.jpg",
            "source": "../ice-cream/img/carousel-2.jpg",
            "storage_class": "REGIONAL",
            "temporary_hold": false,
            "timeouts": null
          },
          "sensitive_attributes": [],
          "private": "eyJlMmJmYjczMC1lY2FhLTExZTYtOGY4OC0zNDM2M2JjN2M0YzAiOnsiY3JlYXRlIjoyNDAwMDAwMDAwMDAsImRlbGV0ZSI6MjQwMDAwMDAwMDAwLCJ1cGRhdGUiOjI0MDAwMDAwMDAwMH19",
          "dependencies": [
            "google_storage_bucket.ice-cream-bucket"
          ]
        },
        {
          "index_key": "img/header.jpg",
          "schema_version": 0,
          "attributes": {
            "bucket": "ice-cream-bucket-2022a",
            "cache_control": "",
            "content": null,
            "content_disposition": "",
            "content_encoding": "",
            "content_language": "",
            "content_type": "text/jpg",
            "crc32c": "yP3jdQ==",
            "customer_encryption": [],
            "detect_md5hash": "2BCaUK6Uw8ZYmVNC9T3NVw==",
            "event_based_hold": false,
            "id": "ice-cream-bucket-2022a-img/header.jpg",
            "kms_key_name": "",
            "md5hash": "2BCaUK6Uw8ZYmVNC9T3NVw==",
            "media_link": "https://storage.googleapis.com/download/storage/v1/b/ice-cream-bucket-2022a/o/img%2Fheader.jpg?generation=1655076097918281\u0026alt=media",
            "metadata": null,
            "name": "img/header.jpg",
            "output_name": "img/header.jpg",
            "self_link": "https://www.googleapis.com/storage/v1/b/ice-cream-bucket-2022a/o/img%2Fheader.jpg",
            "source": "../ice-cream/img/header.jpg",
            "storage_class": "REGIONAL",
            "temporary_hold": false,
            "timeouts": null
          },
          "sensitive_attributes": [],
          "private": "eyJlMmJmYjczMC1lY2FhLTExZTYtOGY4OC0zNDM2M2JjN2M0YzAiOnsiY3JlYXRlIjoyNDAwMDAwMDAwMDAsImRlbGV0ZSI6MjQwMDAwMDAwMDAwLCJ1cGRhdGUiOjI0MDAwMDAwMDAwMH19",
          "dependencies": [
            "google_storage_bucket.ice-cream-bucket"
          ]
        },
        {
          "index_key": "img/portfolio-1.jpg",
          "schema_version": 0,
          "attributes": {
            "bucket": "ice-cream-bucket-2022a",
            "cache_control": "",
            "content": null,
            "content_disposition": "",
            "content_encoding": "",
            "content_language": "",
            "content_type": "text/jpg",
            "crc32c": "d4RFTw==",
            "customer_encryption": [],
            "detect_md5hash": "83+9z4rj84hWCHtPbI5Wmw==",
            "event_based_hold": false,
            "id": "ice-cream-bucket-2022a-img/portfolio-1.jpg",
            "kms_key_name": "",
            "md5hash": "83+9z4rj84hWCHtPbI5Wmw==",
            "media_link": "https://storage.googleapis.com/download/storage/v1/b/ice-cream-bucket-2022a/o/img%2Fportfolio-1.jpg?generation=1655076097816749\u0026alt=media",
            "metadata": null,
            "name": "img/portfolio-1.jpg",
            "output_name": "img/portfolio-1.jpg",
            "self_link": "https://www.googleapis.com/storage/v1/b/ice-cream-bucket-2022a/o/img%2Fportfolio-1.jpg",
            "source": "../ice-cream/img/portfolio-1.jpg",
            "storage_class": "REGIONAL",
            "temporary_hold": false,
            "timeouts": null
          },
          "sensitive_attributes": [],
          "private": "eyJlMmJmYjczMC1lY2FhLTExZTYtOGY4OC0zNDM2M2JjN2M0YzAiOnsiY3JlYXRlIjoyNDAwMDAwMDAwMDAsImRlbGV0ZSI6MjQwMDAwMDAwMDAwLCJ1cGRhdGUiOjI0MDAwMDAwMDAwMH19",
          "dependencies": [
            "google_storage_bucket.ice-cream-bucket"
          ]
        },
        {
          "index_key": "img/portfolio-2.jpg",
          "schema_version": 0,
          "attributes": {
            "bucket": "ice-cream-bucket-2022a",
            "cache_control": "",
            "content": null,
            "content_disposition": "",
            "content_encoding": "",
            "content_language": "",
            "content_type": "text/jpg",
            "crc32c": "iAYMQQ==",
            "customer_encryption": [],
            "detect_md5hash": "qW0u7aTWff5coYjVkaZfWg==",
            "event_based_hold": false,
            "id": "ice-cream-bucket-2022a-img/portfolio-2.jpg",
            "kms_key_name": "",
            "md5hash": "qW0u7aTWff5coYjVkaZfWg==",
            "media_link": "https://storage.googleapis.com/download/storage/v1/b/ice-cream-bucket-2022a/o/img%2Fportfolio-2.jpg?generation=1655076090719840\u0026alt=media",
            "metadata": null,
            "name": "img/portfolio-2.jpg",
            "output_name": "img/portfolio-2.jpg",
            "self_link": "https://www.googleapis.com/storage/v1/b/ice-cream-bucket-2022a/o/img%2Fportfolio-2.jpg",
            "source": "../ice-cream/img/portfolio-2.jpg",
            "storage_class": "REGIONAL",
            "temporary_hold": false,
            "timeouts": null
          },
          "sensitive_attributes": [],
          "private": "eyJlMmJmYjczMC1lY2FhLTExZTYtOGY4OC0zNDM2M2JjN2M0YzAiOnsiY3JlYXRlIjoyNDAwMDAwMDAwMDAsImRlbGV0ZSI6MjQwMDAwMDAwMDAwLCJ1cGRhdGUiOjI0MDAwMDAwMDAwMH19",
          "dependencies": [
            "google_storage_bucket.ice-cream-bucket"
          ]
        },
        {
          "index_key": "img/portfolio-3.jpg",
          "schema_version": 0,
          "attributes": {
            "bucket": "ice-cream-bucket-2022a",
            "cache_control": "",
            "content": null,
            "content_disposition": "",
            "content_encoding": "",
            "content_language": "",
            "content_type": "text/jpg",
            "crc32c": "NxS4bQ==",
            "customer_encryption": [],
            "detect_md5hash": "MBNMBwECb1NJ6UstEPA++g==",
            "event_based_hold": false,
            "id": "ice-cream-bucket-2022a-img/portfolio-3.jpg",
            "kms_key_name": "",
            "md5hash": "MBNMBwECb1NJ6UstEPA++g==",
            "media_link": "https://storage.googleapis.com/download/storage/v1/b/ice-cream-bucket-2022a/o/img%2Fportfolio-3.jpg?generation=1655076091318156\u0026alt=media",
            "metadata": null,
            "name": "img/portfolio-3.jpg",
            "output_name": "img/portfolio-3.jpg",
            "self_link": "https://www.googleapis.com/storage/v1/b/ice-cream-bucket-2022a/o/img%2Fportfolio-3.jpg",
            "source": "../ice-cream/img/portfolio-3.jpg",
            "storage_class": "REGIONAL",
            "temporary_hold": false,
            "timeouts": null
          },
          "sensitive_attributes": [],
          "private": "eyJlMmJmYjczMC1lY2FhLTExZTYtOGY4OC0zNDM2M2JjN2M0YzAiOnsiY3JlYXRlIjoyNDAwMDAwMDAwMDAsImRlbGV0ZSI6MjQwMDAwMDAwMDAwLCJ1cGRhdGUiOjI0MDAwMDAwMDAwMH19",
          "dependencies": [
            "google_storage_bucket.ice-cream-bucket"
          ]
        },
        {
          "index_key": "img/portfolio-4.jpg",
          "schema_version": 0,
          "attributes": {
            "bucket": "ice-cream-bucket-2022a",
            "cache_control": "",
            "content": null,
            "content_disposition": "",
            "content_encoding": "",
            "content_language": "",
            "content_type": "text/jpg",
            "crc32c": "FaUy0A==",
            "customer_encryption": [],
            "detect_md5hash": "yjwFWXCj1q/xEm3Wy0WNaA==",
            "event_based_hold": false,
            "id": "ice-cream-bucket-2022a-img/portfolio-4.jpg",
            "kms_key_name": "",
            "md5hash": "yjwFWXCj1q/xEm3Wy0WNaA==",
            "media_link": "https://storage.googleapis.com/download/storage/v1/b/ice-cream-bucket-2022a/o/img%2Fportfolio-4.jpg?generation=1655076094019541\u0026alt=media",
            "metadata": null,
            "name": "img/portfolio-4.jpg",
            "output_name": "img/portfolio-4.jpg",
            "self_link": "https://www.googleapis.com/storage/v1/b/ice-cream-bucket-2022a/o/img%2Fportfolio-4.jpg",
            "source": "../ice-cream/img/portfolio-4.jpg",
            "storage_class": "REGIONAL",
            "temporary_hold": false,
            "timeouts": null
          },
          "sensitive_attributes": [],
          "private": "eyJlMmJmYjczMC1lY2FhLTExZTYtOGY4OC0zNDM2M2JjN2M0YzAiOnsiY3JlYXRlIjoyNDAwMDAwMDAwMDAsImRlbGV0ZSI6MjQwMDAwMDAwMDAwLCJ1cGRhdGUiOjI0MDAwMDAwMDAwMH19",
          "dependencies": [
            "google_storage_bucket.ice-cream-bucket"
          ]
        },
        {
          "index_key": "img/portfolio-5.jpg",
          "schema_version": 0,
          "attributes": {
            "bucket": "ice-cream-bucket-2022a",
            "cache_control": "",
            "content": null,
            "content_disposition": "",
            "content_encoding": "",
            "content_language": "",
            "content_type": "text/jpg",
            "crc32c": "D6Hf3w==",
            "customer_encryption": [],
            "detect_md5hash": "DiKBdbjNyJkelntHIZTdHw==",
            "event_based_hold": false,
            "id": "ice-cream-bucket-2022a-img/portfolio-5.jpg",
            "kms_key_name": "",
            "md5hash": "DiKBdbjNyJkelntHIZTdHw==",
            "media_link": "https://storage.googleapis.com/download/storage/v1/b/ice-cream-bucket-2022a/o/img%2Fportfolio-5.jpg?generation=1655076097421312\u0026alt=media",
            "metadata": null,
            "name": "img/portfolio-5.jpg",
            "output_name": "img/portfolio-5.jpg",
            "self_link": "https://www.googleapis.com/storage/v1/b/ice-cream-bucket-2022a/o/img%2Fportfolio-5.jpg",
            "source": "../ice-cream/img/portfolio-5.jpg",
            "storage_class": "REGIONAL",
            "temporary_hold": false,
            "timeouts": null
          },
          "sensitive_attributes": [],
          "private": "eyJlMmJmYjczMC1lY2FhLTExZTYtOGY4OC0zNDM2M2JjN2M0YzAiOnsiY3JlYXRlIjoyNDAwMDAwMDAwMDAsImRlbGV0ZSI6MjQwMDAwMDAwMDAwLCJ1cGRhdGUiOjI0MDAwMDAwMDAwMH19",
          "dependencies": [
            "google_storage_bucket.ice-cream-bucket"
          ]
        },
        {
          "index_key": "img/portfolio-6.jpg",
          "schema_version": 0,
          "attributes": {
            "bucket": "ice-cream-bucket-2022a",
            "cache_control": "",
            "content": null,
            "content_disposition": "",
            "content_encoding": "",
            "content_language": "",
            "content_type": "text/jpg",
            "crc32c": "A4fnCg==",
            "customer_encryption": [],
            "detect_md5hash": "qHSB7ft5+cWDTwavCKoiyw==",
            "event_based_hold": false,
            "id": "ice-cream-bucket-2022a-img/portfolio-6.jpg",
            "kms_key_name": "",
            "md5hash": "qHSB7ft5+cWDTwavCKoiyw==",
            "media_link": "https://storage.googleapis.com/download/storage/v1/b/ice-cream-bucket-2022a/o/img%2Fportfolio-6.jpg?generation=1655076094478795\u0026alt=media",
            "metadata": null,
            "name": "img/portfolio-6.jpg",
            "output_name": "img/portfolio-6.jpg",
            "self_link": "https://www.googleapis.com/storage/v1/b/ice-cream-bucket-2022a/o/img%2Fportfolio-6.jpg",
            "source": "../ice-cream/img/portfolio-6.jpg",
            "storage_class": "REGIONAL",
            "temporary_hold": false,
            "timeouts": null
          },
          "sensitive_attributes": [],
          "private": "eyJlMmJmYjczMC1lY2FhLTExZTYtOGY4OC0zNDM2M2JjN2M0YzAiOnsiY3JlYXRlIjoyNDAwMDAwMDAwMDAsImRlbGV0ZSI6MjQwMDAwMDAwMDAwLCJ1cGRhdGUiOjI0MDAwMDAwMDAwMH19",
          "dependencies": [
            "google_storage_bucket.ice-cream-bucket"
          ]
        },
        {
          "index_key": "img/product-1.jpg",
          "schema_version": 0,
          "attributes": {
            "bucket": "ice-cream-bucket-2022a",
            "cache_control": "",
            "content": null,
            "content_disposition": "",
            "content_encoding": "",
            "content_language": "",
            "content_type": "text/jpg",
            "crc32c": "o7PfFg==",
            "customer_encryption": [],
            "detect_md5hash": "ZqgLC3dAiqJcnBGtEyS/xQ==",
            "event_based_hold": false,
            "id": "ice-cream-bucket-2022a-img/product-1.jpg",
            "kms_key_name": "",
            "md5hash": "ZqgLC3dAiqJcnBGtEyS/xQ==",
            "media_link": "https://storage.googleapis.com/download/storage/v1/b/ice-cream-bucket-2022a/o/img%2Fproduct-1.jpg?generation=1655076097816263\u0026alt=media",
            "metadata": null,
            "name": "img/product-1.jpg",
            "output_name": "img/product-1.jpg",
            "self_link": "https://www.googleapis.com/storage/v1/b/ice-cream-bucket-2022a/o/img%2Fproduct-1.jpg",
            "source": "../ice-cream/img/product-1.jpg",
            "storage_class": "REGIONAL",
            "temporary_hold": false,
            "timeouts": null
          },
          "sensitive_attributes": [],
          "private": "eyJlMmJmYjczMC1lY2FhLTExZTYtOGY4OC0zNDM2M2JjN2M0YzAiOnsiY3JlYXRlIjoyNDAwMDAwMDAwMDAsImRlbGV0ZSI6MjQwMDAwMDAwMDAwLCJ1cGRhdGUiOjI0MDAwMDAwMDAwMH19",
          "dependencies": [
            "google_storage_bucket.ice-cream-bucket"
          ]
        },
        {
          "index_key": "img/product-2.jpg",
          "schema_version": 0,
          "attributes": {
            "bucket": "ice-cream-bucket-2022a",
            "cache_control": "",
            "content": null,
            "content_disposition": "",
            "content_encoding": "",
            "content_language": "",
            "content_type": "text/jpg",
            "crc32c": "7x/hAQ==",
            "customer_encryption": [],
            "detect_md5hash": "QZqrVW0H//8XONdJo+aAVw==",
            "event_based_hold": false,
            "id": "ice-cream-bucket-2022a-img/product-2.jpg",
            "kms_key_name": "",
            "md5hash": "QZqrVW0H//8XONdJo+aAVw==",
            "media_link": "https://storage.googleapis.com/download/storage/v1/b/ice-cream-bucket-2022a/o/img%2Fproduct-2.jpg?generation=1655076095016980\u0026alt=media",
            "metadata": null,
            "name": "img/product-2.jpg",
            "output_name": "img/product-2.jpg",
            "self_link": "https://www.googleapis.com/storage/v1/b/ice-cream-bucket-2022a/o/img%2Fproduct-2.jpg",
            "source": "../ice-cream/img/product-2.jpg",
            "storage_class": "REGIONAL",
            "temporary_hold": false,
            "timeouts": null
          },
          "sensitive_attributes": [],
          "private": "eyJlMmJmYjczMC1lY2FhLTExZTYtOGY4OC0zNDM2M2JjN2M0YzAiOnsiY3JlYXRlIjoyNDAwMDAwMDAwMDAsImRlbGV0ZSI6MjQwMDAwMDAwMDAwLCJ1cGRhdGUiOjI0MDAwMDAwMDAwMH19",
          "dependencies": [
            "google_storage_bucket.ice-cream-bucket"
          ]
        },
        {
          "index_key": "img/product-3.jpg",
          "schema_version": 0,
          "attributes": {
            "bucket": "ice-cream-bucket-2022a",
            "cache_control": "",
            "content": null,
            "content_disposition": "",
            "content_encoding": "",
            "content_language": "",
            "content_type": "text/jpg",
            "crc32c": "V9hPig==",
            "customer_encryption": [],
            "detect_md5hash": "bxOb51AnLoWLFjQZafNRhg==",
            "event_based_hold": false,
            "id": "ice-cream-bucket-2022a-img/product-3.jpg",
            "kms_key_name": "",
            "md5hash": "bxOb51AnLoWLFjQZafNRhg==",
            "media_link": "https://storage.googleapis.com/download/storage/v1/b/ice-cream-bucket-2022a/o/img%2Fproduct-3.jpg?generation=1655076090816428\u0026alt=media",
            "metadata": null,
            "name": "img/product-3.jpg",
            "output_name": "img/product-3.jpg",
            "self_link": "https://www.googleapis.com/storage/v1/b/ice-cream-bucket-2022a/o/img%2Fproduct-3.jpg",
            "source": "../ice-cream/img/product-3.jpg",
            "storage_class": "REGIONAL",
            "temporary_hold": false,
            "timeouts": null
          },
          "sensitive_attributes": [],
          "private": "eyJlMmJmYjczMC1lY2FhLTExZTYtOGY4OC0zNDM2M2JjN2M0YzAiOnsiY3JlYXRlIjoyNDAwMDAwMDAwMDAsImRlbGV0ZSI6MjQwMDAwMDAwMDAwLCJ1cGRhdGUiOjI0MDAwMDAwMDAwMH19",
          "dependencies": [
            "google_storage_bucket.ice-cream-bucket"
          ]
        },
        {
          "index_key": "img/product-4.jpg",
          "schema_version": 0,
          "attributes": {
            "bucket": "ice-cream-bucket-2022a",
            "cache_control": "",
            "content": null,
            "content_disposition": "",
            "content_encoding": "",
            "content_language": "",
            "content_type": "text/jpg",
            "crc32c": "vNESDg==",
            "customer_encryption": [],
            "detect_md5hash": "2PUZCM7XSCWYbIy+9KjTyg==",
            "event_based_hold": false,
            "id": "ice-cream-bucket-2022a-img/product-4.jpg",
            "kms_key_name": "",
            "md5hash": "2PUZCM7XSCWYbIy+9KjTyg==",
            "media_link": "https://storage.googleapis.com/download/storage/v1/b/ice-cream-bucket-2022a/o/img%2Fproduct-4.jpg?generation=1655076098239009\u0026alt=media",
            "metadata": null,
            "name": "img/product-4.jpg",
            "output_name": "img/product-4.jpg",
            "self_link": "https://www.googleapis.com/storage/v1/b/ice-cream-bucket-2022a/o/img%2Fproduct-4.jpg",
            "source": "../ice-cream/img/product-4.jpg",
            "storage_class": "REGIONAL",
            "temporary_hold": false,
            "timeouts": null
          },
          "sensitive_attributes": [],
          "private": "eyJlMmJmYjczMC1lY2FhLTExZTYtOGY4OC0zNDM2M2JjN2M0YzAiOnsiY3JlYXRlIjoyNDAwMDAwMDAwMDAsImRlbGV0ZSI6MjQwMDAwMDAwMDAwLCJ1cGRhdGUiOjI0MDAwMDAwMDAwMH19",
          "dependencies": [
            "google_storage_bucket.ice-cream-bucket"
          ]
        },
        {
          "index_key": "img/product-5.jpg",
          "schema_version": 0,
          "attributes": {
            "bucket": "ice-cream-bucket-2022a",
            "cache_control": "",
            "content": null,
            "content_disposition": "",
            "content_encoding": "",
            "content_language": "",
            "content_type": "text/jpg",
            "crc32c": "yQZAXQ==",
            "customer_encryption": [],
            "detect_md5hash": "vjAJOMKSdCk9hzNozRVSdQ==",
            "event_based_hold": false,
            "id": "ice-cream-bucket-2022a-img/product-5.jpg",
            "kms_key_name": "",
            "md5hash": "vjAJOMKSdCk9hzNozRVSdQ==",
            "media_link": "https://storage.googleapis.com/download/storage/v1/b/ice-cream-bucket-2022a/o/img%2Fproduct-5.jpg?generation=1655076095416904\u0026alt=media",
            "metadata": null,
            "name": "img/product-5.jpg",
            "output_name": "img/product-5.jpg",
            "self_link": "https://www.googleapis.com/storage/v1/b/ice-cream-bucket-2022a/o/img%2Fproduct-5.jpg",
            "source": "../ice-cream/img/product-5.jpg",
            "storage_class": "REGIONAL",
            "temporary_hold": false,
            "timeouts": null
          },
          "sensitive_attributes": [],
          "private": "eyJlMmJmYjczMC1lY2FhLTExZTYtOGY4OC0zNDM2M2JjN2M0YzAiOnsiY3JlYXRlIjoyNDAwMDAwMDAwMDAsImRlbGV0ZSI6MjQwMDAwMDAwMDAwLCJ1cGRhdGUiOjI0MDAwMDAwMDAwMH19",
          "dependencies": [
            "google_storage_bucket.ice-cream-bucket"
          ]
        },
        {
          "index_key": "img/promotion.jpg",
          "schema_version": 0,
          "attributes": {
            "bucket": "ice-cream-bucket-2022a",
            "cache_control": "",
            "content": null,
            "content_disposition": "",
            "content_encoding": "",
            "content_language": "",
            "content_type": "text/jpg",
            "crc32c": "uLwauQ==",
            "customer_encryption": [],
            "detect_md5hash": "Gwougk1Kb2hcasStCTQVXg==",
            "event_based_hold": false,
            "id": "ice-cream-bucket-2022a-img/promotion.jpg",
            "kms_key_name": "",
            "md5hash": "Gwougk1Kb2hcasStCTQVXg==",
            "media_link": "https://storage.googleapis.com/download/storage/v1/b/ice-cream-bucket-2022a/o/img%2Fpromotion.jpg?generation=1655076098710422\u0026alt=media",
            "metadata": null,
            "name": "img/promotion.jpg",
            "output_name": "img/promotion.jpg",
            "self_link": "https://www.googleapis.com/storage/v1/b/ice-cream-bucket-2022a/o/img%2Fpromotion.jpg",
            "source": "../ice-cream/img/promotion.jpg",
            "storage_class": "REGIONAL",
            "temporary_hold": false,
            "timeouts": null
          },
          "sensitive_attributes": [],
          "private": "eyJlMmJmYjczMC1lY2FhLTExZTYtOGY4OC0zNDM2M2JjN2M0YzAiOnsiY3JlYXRlIjoyNDAwMDAwMDAwMDAsImRlbGV0ZSI6MjQwMDAwMDAwMDAwLCJ1cGRhdGUiOjI0MDAwMDAwMDAwMH19",
          "dependencies": [
            "google_storage_bucket.ice-cream-bucket"
          ]
        },
        {
          "index_key": "img/service-1.jpg",
          "schema_version": 0,
          "attributes": {
            "bucket": "ice-cream-bucket-2022a",
            "cache_control": "",
            "content": null,
            "content_disposition": "",
            "content_encoding": "",
            "content_language": "",
            "content_type": "text/jpg",
            "crc32c": "SEn5lw==",
            "customer_encryption": [],
            "detect_md5hash": "tWoVQOWrJmO6aHj3ZkqvJw==",
            "event_based_hold": false,
            "id": "ice-cream-bucket-2022a-img/service-1.jpg",
            "kms_key_name": "",
            "md5hash": "tWoVQOWrJmO6aHj3ZkqvJw==",
            "media_link": "https://storage.googleapis.com/download/storage/v1/b/ice-cream-bucket-2022a/o/img%2Fservice-1.jpg?generation=1655076094029647\u0026alt=media",
            "metadata": null,
            "name": "img/service-1.jpg",
            "output_name": "img/service-1.jpg",
            "self_link": "https://www.googleapis.com/storage/v1/b/ice-cream-bucket-2022a/o/img%2Fservice-1.jpg",
            "source": "../ice-cream/img/service-1.jpg",
            "storage_class": "REGIONAL",
            "temporary_hold": false,
            "timeouts": null
          },
          "sensitive_attributes": [],
          "private": "eyJlMmJmYjczMC1lY2FhLTExZTYtOGY4OC0zNDM2M2JjN2M0YzAiOnsiY3JlYXRlIjoyNDAwMDAwMDAwMDAsImRlbGV0ZSI6MjQwMDAwMDAwMDAwLCJ1cGRhdGUiOjI0MDAwMDAwMDAwMH19",
          "dependencies": [
            "google_storage_bucket.ice-cream-bucket"
          ]
        },
        {
          "index_key": "img/service-2.jpg",
          "schema_version": 0,
          "attributes": {
            "bucket": "ice-cream-bucket-2022a",
            "cache_control": "",
            "content": null,
            "content_disposition": "",
            "content_encoding": "",
            "content_language": "",
            "content_type": "text/jpg",
            "crc32c": "l7IhTA==",
            "customer_encryption": [],
            "detect_md5hash": "oOrhRp6BD9y8qJUz3i+3kA==",
            "event_based_hold": false,
            "id": "ice-cream-bucket-2022a-img/service-2.jpg",
            "kms_key_name": "",
            "md5hash": "oOrhRp6BD9y8qJUz3i+3kA==",
            "media_link": "https://storage.googleapis.com/download/storage/v1/b/ice-cream-bucket-2022a/o/img%2Fservice-2.jpg?generation=1655076097218639\u0026alt=media",
            "metadata": null,
            "name": "img/service-2.jpg",
            "output_name": "img/service-2.jpg",
            "self_link": "https://www.googleapis.com/storage/v1/b/ice-cream-bucket-2022a/o/img%2Fservice-2.jpg",
            "source": "../ice-cream/img/service-2.jpg",
            "storage_class": "REGIONAL",
            "temporary_hold": false,
            "timeouts": null
          },
          "sensitive_attributes": [],
          "private": "eyJlMmJmYjczMC1lY2FhLTExZTYtOGY4OC0zNDM2M2JjN2M0YzAiOnsiY3JlYXRlIjoyNDAwMDAwMDAwMDAsImRlbGV0ZSI6MjQwMDAwMDAwMDAwLCJ1cGRhdGUiOjI0MDAwMDAwMDAwMH19",
          "dependencies": [
            "google_storage_bucket.ice-cream-bucket"
          ]
        },
        {
          "index_key": "img/service-3.jpg",
          "schema_version": 0,
          "attributes": {
            "bucket": "ice-cream-bucket-2022a",
            "cache_control": "",
            "content": null,
            "content_disposition": "",
            "content_encoding": "",
            "content_language": "",
            "content_type": "text/jpg",
            "crc32c": "8vJpfA==",
            "customer_encryption": [],
            "detect_md5hash": "1hnFvAGY5+EYYWE779f3IA==",
            "event_based_hold": false,
            "id": "ice-cream-bucket-2022a-img/service-3.jpg",
            "kms_key_name": "",
            "md5hash": "1hnFvAGY5+EYYWE779f3IA==",
            "media_link": "https://storage.googleapis.com/download/storage/v1/b/ice-cream-bucket-2022a/o/img%2Fservice-3.jpg?generation=1655076098022336\u0026alt=media",
            "metadata": null,
            "name": "img/service-3.jpg",
            "output_name": "img/service-3.jpg",
            "self_link": "https://www.googleapis.com/storage/v1/b/ice-cream-bucket-2022a/o/img%2Fservice-3.jpg",
            "source": "../ice-cream/img/service-3.jpg",
            "storage_class": "REGIONAL",
            "temporary_hold": false,
            "timeouts": null
          },
          "sensitive_attributes": [],
          "private": "eyJlMmJmYjczMC1lY2FhLTExZTYtOGY4OC0zNDM2M2JjN2M0YzAiOnsiY3JlYXRlIjoyNDAwMDAwMDAwMDAsImRlbGV0ZSI6MjQwMDAwMDAwMDAwLCJ1cGRhdGUiOjI0MDAwMDAwMDAwMH19",
          "dependencies": [
            "google_storage_bucket.ice-cream-bucket"
          ]
        },
        {
          "index_key": "img/service-4.jpg",
          "schema_version": 0,
          "attributes": {
            "bucket": "ice-cream-bucket-2022a",
            "cache_control": "",
            "content": null,
            "content_disposition": "",
            "content_encoding": "",
            "content_language": "",
            "content_type": "text/jpg",
            "crc32c": "Cm5DBw==",
            "customer_encryption": [],
            "detect_md5hash": "X8BWC/Flblj+dWjnzsSbVA==",
            "event_based_hold": false,
            "id": "ice-cream-bucket-2022a-img/service-4.jpg",
            "kms_key_name": "",
            "md5hash": "X8BWC/Flblj+dWjnzsSbVA==",
            "media_link": "https://storage.googleapis.com/download/storage/v1/b/ice-cream-bucket-2022a/o/img%2Fservice-4.jpg?generation=1655076097219385\u0026alt=media",
            "metadata": null,
            "name": "img/service-4.jpg",
            "output_name": "img/service-4.jpg",
            "self_link": "https://www.googleapis.com/storage/v1/b/ice-cream-bucket-2022a/o/img%2Fservice-4.jpg",
            "source": "../ice-cream/img/service-4.jpg",
            "storage_class": "REGIONAL",
            "temporary_hold": false,
            "timeouts": null
          },
          "sensitive_attributes": [],
          "private": "eyJlMmJmYjczMC1lY2FhLTExZTYtOGY4OC0zNDM2M2JjN2M0YzAiOnsiY3JlYXRlIjoyNDAwMDAwMDAwMDAsImRlbGV0ZSI6MjQwMDAwMDAwMDAwLCJ1cGRhdGUiOjI0MDAwMDAwMDAwMH19",
          "dependencies": [
            "google_storage_bucket.ice-cream-bucket"
          ]
        },
        {
          "index_key": "img/team-1.jpg",
          "schema_version": 0,
          "attributes": {
            "bucket": "ice-cream-bucket-2022a",
            "cache_control": "",
            "content": null,
            "content_disposition": "",
            "content_encoding": "",
            "content_language": "",
            "content_type": "text/jpg",
            "crc32c": "Kt4ZNA==",
            "customer_encryption": [],
            "detect_md5hash": "MCmrjUWboeQYGpb0oPdzdA==",
            "event_based_hold": false,
            "id": "ice-cream-bucket-2022a-img/team-1.jpg",
            "kms_key_name": "",
            "md5hash": "MCmrjUWboeQYGpb0oPdzdA==",
            "media_link": "https://storage.googleapis.com/download/storage/v1/b/ice-cream-bucket-2022a/o/img%2Fteam-1.jpg?generation=1655076096720201\u0026alt=media",
            "metadata": null,
            "name": "img/team-1.jpg",
            "output_name": "img/team-1.jpg",
            "self_link": "https://www.googleapis.com/storage/v1/b/ice-cream-bucket-2022a/o/img%2Fteam-1.jpg",
            "source": "../ice-cream/img/team-1.jpg",
            "storage_class": "REGIONAL",
            "temporary_hold": false,
            "timeouts": null
          },
          "sensitive_attributes": [],
          "private": "eyJlMmJmYjczMC1lY2FhLTExZTYtOGY4OC0zNDM2M2JjN2M0YzAiOnsiY3JlYXRlIjoyNDAwMDAwMDAwMDAsImRlbGV0ZSI6MjQwMDAwMDAwMDAwLCJ1cGRhdGUiOjI0MDAwMDAwMDAwMH19",
          "dependencies": [
            "google_storage_bucket.ice-cream-bucket"
          ]
        },
        {
          "index_key": "img/team-2.jpg",
          "schema_version": 0,
          "attributes": {
            "bucket": "ice-cream-bucket-2022a",
            "cache_control": "",
            "content": null,
            "content_disposition": "",
            "content_encoding": "",
            "content_language": "",
            "content_type": "text/jpg",
            "crc32c": "IrWE2Q==",
            "customer_encryption": [],
            "detect_md5hash": "8wUlZejsmK3CaScrOH6XnQ==",
            "event_based_hold": false,
            "id": "ice-cream-bucket-2022a-img/team-2.jpg",
            "kms_key_name": "",
            "md5hash": "8wUlZejsmK3CaScrOH6XnQ==",
            "media_link": "https://storage.googleapis.com/download/storage/v1/b/ice-cream-bucket-2022a/o/img%2Fteam-2.jpg?generation=1655076090219100\u0026alt=media",
            "metadata": null,
            "name": "img/team-2.jpg",
            "output_name": "img/team-2.jpg",
            "self_link": "https://www.googleapis.com/storage/v1/b/ice-cream-bucket-2022a/o/img%2Fteam-2.jpg",
            "source": "../ice-cream/img/team-2.jpg",
            "storage_class": "REGIONAL",
            "temporary_hold": false,
            "timeouts": null
          },
          "sensitive_attributes": [],
          "private": "eyJlMmJmYjczMC1lY2FhLTExZTYtOGY4OC0zNDM2M2JjN2M0YzAiOnsiY3JlYXRlIjoyNDAwMDAwMDAwMDAsImRlbGV0ZSI6MjQwMDAwMDAwMDAwLCJ1cGRhdGUiOjI0MDAwMDAwMDAwMH19",
          "dependencies": [
            "google_storage_bucket.ice-cream-bucket"
          ]
        },
        {
          "index_key": "img/team-3.jpg",
          "schema_version": 0,
          "attributes": {
            "bucket": "ice-cream-bucket-2022a",
            "cache_control": "",
            "content": null,
            "content_disposition": "",
            "content_encoding": "",
            "content_language": "",
            "content_type": "text/jpg",
            "crc32c": "/2/ryQ==",
            "customer_encryption": [],
            "detect_md5hash": "dfGPiMmekc8oUtL/JEgGew==",
            "event_based_hold": false,
            "id": "ice-cream-bucket-2022a-img/team-3.jpg",
            "kms_key_name": "",
            "md5hash": "dfGPiMmekc8oUtL/JEgGew==",
            "media_link": "https://storage.googleapis.com/download/storage/v1/b/ice-cream-bucket-2022a/o/img%2Fteam-3.jpg?generation=1655076094449989\u0026alt=media",
            "metadata": null,
            "name": "img/team-3.jpg",
            "output_name": "img/team-3.jpg",
            "self_link": "https://www.googleapis.com/storage/v1/b/ice-cream-bucket-2022a/o/img%2Fteam-3.jpg",
            "source": "../ice-cream/img/team-3.jpg",
            "storage_class": "REGIONAL",
            "temporary_hold": false,
            "timeouts": null
          },
          "sensitive_attributes": [],
          "private": "eyJlMmJmYjczMC1lY2FhLTExZTYtOGY4OC0zNDM2M2JjN2M0YzAiOnsiY3JlYXRlIjoyNDAwMDAwMDAwMDAsImRlbGV0ZSI6MjQwMDAwMDAwMDAwLCJ1cGRhdGUiOjI0MDAwMDAwMDAwMH19",
          "dependencies": [
            "google_storage_bucket.ice-cream-bucket"
          ]
        },
        {
          "index_key": "img/team-4.jpg",
          "schema_version": 0,
          "attributes": {
            "bucket": "ice-cream-bucket-2022a",
            "cache_control": "",
            "content": null,
            "content_disposition": "",
            "content_encoding": "",
            "content_language": "",
            "content_type": "text/jpg",
            "crc32c": "2dU4qw==",
            "customer_encryption": [],
            "detect_md5hash": "DCeQcsf5k33exDjSRcpm/w==",
            "event_based_hold": false,
            "id": "ice-cream-bucket-2022a-img/team-4.jpg",
            "kms_key_name": "",
            "md5hash": "DCeQcsf5k33exDjSRcpm/w==",
            "media_link": "https://storage.googleapis.com/download/storage/v1/b/ice-cream-bucket-2022a/o/img%2Fteam-4.jpg?generation=1655076098637530\u0026alt=media",
            "metadata": null,
            "name": "img/team-4.jpg",
            "output_name": "img/team-4.jpg",
            "self_link": "https://www.googleapis.com/storage/v1/b/ice-cream-bucket-2022a/o/img%2Fteam-4.jpg",
            "source": "../ice-cream/img/team-4.jpg",
            "storage_class": "REGIONAL",
            "temporary_hold": false,
            "timeouts": null
          },
          "sensitive_attributes": [],
          "private": "eyJlMmJmYjczMC1lY2FhLTExZTYtOGY4OC0zNDM2M2JjN2M0YzAiOnsiY3JlYXRlIjoyNDAwMDAwMDAwMDAsImRlbGV0ZSI6MjQwMDAwMDAwMDAwLCJ1cGRhdGUiOjI0MDAwMDAwMDAwMH19",
          "dependencies": [
            "google_storage_bucket.ice-cream-bucket"
          ]
        },
        {
          "index_key": "img/testimonial-1.jpg",
          "schema_version": 0,
          "attributes": {
            "bucket": "ice-cream-bucket-2022a",
            "cache_control": "",
            "content": null,
            "content_disposition": "",
            "content_encoding": "",
            "content_language": "",
            "content_type": "text/jpg",
            "crc32c": "62eAsA==",
            "customer_encryption": [],
            "detect_md5hash": "60cRFnnEkxZ7hblMx3xXVQ==",
            "event_based_hold": false,
            "id": "ice-cream-bucket-2022a-img/testimonial-1.jpg",
            "kms_key_name": "",
            "md5hash": "60cRFnnEkxZ7hblMx3xXVQ==",
            "media_link": "https://storage.googleapis.com/download/storage/v1/b/ice-cream-bucket-2022a/o/img%2Ftestimonial-1.jpg?generation=1655076095214857\u0026alt=media",
            "metadata": null,
            "name": "img/testimonial-1.jpg",
            "output_name": "img/testimonial-1.jpg",
            "self_link": "https://www.googleapis.com/storage/v1/b/ice-cream-bucket-2022a/o/img%2Ftestimonial-1.jpg",
            "source": "../ice-cream/img/testimonial-1.jpg",
            "storage_class": "REGIONAL",
            "temporary_hold": false,
            "timeouts": null
          },
          "sensitive_attributes": [],
          "private": "eyJlMmJmYjczMC1lY2FhLTExZTYtOGY4OC0zNDM2M2JjN2M0YzAiOnsiY3JlYXRlIjoyNDAwMDAwMDAwMDAsImRlbGV0ZSI6MjQwMDAwMDAwMDAwLCJ1cGRhdGUiOjI0MDAwMDAwMDAwMH19",
          "dependencies": [
            "google_storage_bucket.ice-cream-bucket"
          ]
        },
        {
          "index_key": "img/testimonial-2.jpg",
          "schema_version": 0,
          "attributes": {
            "bucket": "ice-cream-bucket-2022a",
            "cache_control": "",
            "content": null,
            "content_disposition": "",
            "content_encoding": "",
            "content_language": "",
            "content_type": "text/jpg",
            "crc32c": "8diw/w==",
            "customer_encryption": [],
            "detect_md5hash": "r3cjoqNTxiNVvQmKop92Eg==",
            "event_based_hold": false,
            "id": "ice-cream-bucket-2022a-img/testimonial-2.jpg",
            "kms_key_name": "",
            "md5hash": "r3cjoqNTxiNVvQmKop92Eg==",
            "media_link": "https://storage.googleapis.com/download/storage/v1/b/ice-cream-bucket-2022a/o/img%2Ftestimonial-2.jpg?generation=1655076093418053\u0026alt=media",
            "metadata": null,
            "name": "img/testimonial-2.jpg",
            "output_name": "img/testimonial-2.jpg",
            "self_link": "https://www.googleapis.com/storage/v1/b/ice-cream-bucket-2022a/o/img%2Ftestimonial-2.jpg",
            "source": "../ice-cream/img/testimonial-2.jpg",
            "storage_class": "REGIONAL",
            "temporary_hold": false,
            "timeouts": null
          },
          "sensitive_attributes": [],
          "private": "eyJlMmJmYjczMC1lY2FhLTExZTYtOGY4OC0zNDM2M2JjN2M0YzAiOnsiY3JlYXRlIjoyNDAwMDAwMDAwMDAsImRlbGV0ZSI6MjQwMDAwMDAwMDAwLCJ1cGRhdGUiOjI0MDAwMDAwMDAwMH19",
          "dependencies": [
            "google_storage_bucket.ice-cream-bucket"
          ]
        },
        {
          "index_key": "img/testimonial-3.jpg",
          "schema_version": 0,
          "attributes": {
            "bucket": "ice-cream-bucket-2022a",
            "cache_control": "",
            "content": null,
            "content_disposition": "",
            "content_encoding": "",
            "content_language": "",
            "content_type": "text/jpg",
            "crc32c": "NH+g3g==",
            "customer_encryption": [],
            "detect_md5hash": "3CVxBChoIgpJFkuo+4lldw==",
            "event_based_hold": false,
            "id": "ice-cream-bucket-2022a-img/testimonial-3.jpg",
            "kms_key_name": "",
            "md5hash": "3CVxBChoIgpJFkuo+4lldw==",
            "media_link": "https://storage.googleapis.com/download/storage/v1/b/ice-cream-bucket-2022a/o/img%2Ftestimonial-3.jpg?generation=1655076096218362\u0026alt=media",
            "metadata": null,
            "name": "img/testimonial-3.jpg",
            "output_name": "img/testimonial-3.jpg",
            "self_link": "https://www.googleapis.com/storage/v1/b/ice-cream-bucket-2022a/o/img%2Ftestimonial-3.jpg",
            "source": "../ice-cream/img/testimonial-3.jpg",
            "storage_class": "REGIONAL",
            "temporary_hold": false,
            "timeouts": null
          },
          "sensitive_attributes": [],
          "private": "eyJlMmJmYjczMC1lY2FhLTExZTYtOGY4OC0zNDM2M2JjN2M0YzAiOnsiY3JlYXRlIjoyNDAwMDAwMDAwMDAsImRlbGV0ZSI6MjQwMDAwMDAwMDAwLCJ1cGRhdGUiOjI0MDAwMDAwMDAwMH19",
          "dependencies": [
            "google_storage_bucket.ice-cream-bucket"
          ]
        }
      ]
    },
    {
      "mode": "managed",
      "type": "google_storage_bucket_object",
      "name": "js",
      "provider": "provider[\"registry.terraform.io/hashicorp/google\"]",
      "instances": [
        {
          "index_key": "js/main.js",
          "schema_version": 0,
          "attributes": {
            "bucket": "ice-cream-bucket-2022a",
            "cache_control": "",
            "content": null,
            "content_disposition": "",
            "content_encoding": "",
            "content_language": "",
            "content_type": "text/js",
            "crc32c": "LOArEg==",
            "customer_encryption": [],
            "detect_md5hash": "ackHR2JJv+g4/1CKmiTWuA==",
            "event_based_hold": false,
            "id": "ice-cream-bucket-2022a-js/main.js",
            "kms_key_name": "",
            "md5hash": "ackHR2JJv+g4/1CKmiTWuA==",
            "media_link": "https://storage.googleapis.com/download/storage/v1/b/ice-cream-bucket-2022a/o/js%2Fmain.js?generation=1655076095719131\u0026alt=media",
            "metadata": null,
            "name": "js/main.js",
            "output_name": "js/main.js",
            "self_link": "https://www.googleapis.com/storage/v1/b/ice-cream-bucket-2022a/o/js%2Fmain.js",
            "source": "../ice-cream/js/main.js",
            "storage_class": "REGIONAL",
            "temporary_hold": false,
            "timeouts": null
          },
          "sensitive_attributes": [],
          "private": "eyJlMmJmYjczMC1lY2FhLTExZTYtOGY4OC0zNDM2M2JjN2M0YzAiOnsiY3JlYXRlIjoyNDAwMDAwMDAwMDAsImRlbGV0ZSI6MjQwMDAwMDAwMDAwLCJ1cGRhdGUiOjI0MDAwMDAwMDAwMH19",
          "dependencies": [
            "google_storage_bucket.ice-cream-bucket"
          ]
        },
        {
          "index_key": "lib/counterup/counterup.min.js",
          "schema_version": 0,
          "attributes": {
            "bucket": "ice-cream-bucket-2022a",
            "cache_control": "",
            "content": null,
            "content_disposition": "",
            "content_encoding": "",
            "content_language": "",
            "content_type": "text/js",
            "crc32c": "aoR1HQ==",
            "customer_encryption": [],
            "detect_md5hash": "0M5c/nAI6rSnMmCVTwbfaA==",
            "event_based_hold": false,
            "id": "ice-cream-bucket-2022a-lib/counterup/counterup.min.js",
            "kms_key_name": "",
            "md5hash": "0M5c/nAI6rSnMmCVTwbfaA==",
            "media_link": "https://storage.googleapis.com/download/storage/v1/b/ice-cream-bucket-2022a/o/lib%2Fcounterup%2Fcounterup.min.js?generation=1655076093018177\u0026alt=media",
            "metadata": null,
            "name": "lib/counterup/counterup.min.js",
            "output_name": "lib/counterup/counterup.min.js",
            "self_link": "https://www.googleapis.com/storage/v1/b/ice-cream-bucket-2022a/o/lib%2Fcounterup%2Fcounterup.min.js",
            "source": "../ice-cream/lib/counterup/counterup.min.js",
            "storage_class": "REGIONAL",
            "temporary_hold": false,
            "timeouts": null
          },
          "sensitive_attributes": [],
          "private": "eyJlMmJmYjczMC1lY2FhLTExZTYtOGY4OC0zNDM2M2JjN2M0YzAiOnsiY3JlYXRlIjoyNDAwMDAwMDAwMDAsImRlbGV0ZSI6MjQwMDAwMDAwMDAwLCJ1cGRhdGUiOjI0MDAwMDAwMDAwMH19",
          "dependencies": [
            "google_storage_bucket.ice-cream-bucket"
          ]
        },
        {
          "index_key": "lib/easing/easing.js",
          "schema_version": 0,
          "attributes": {
            "bucket": "ice-cream-bucket-2022a",
            "cache_control": "",
            "content": null,
            "content_disposition": "",
            "content_encoding": "",
            "content_language": "",
            "content_type": "text/js",
            "crc32c": "M7Z4gQ==",
            "customer_encryption": [],
            "detect_md5hash": "7ApSCNb6O7cv54wc8wCGAA==",
            "event_based_hold": false,
            "id": "ice-cream-bucket-2022a-lib/easing/easing.js",
            "kms_key_name": "",
            "md5hash": "7ApSCNb6O7cv54wc8wCGAA==",
            "media_link": "https://storage.googleapis.com/download/storage/v1/b/ice-cream-bucket-2022a/o/lib%2Feasing%2Feasing.js?generation=1655076092420721\u0026alt=media",
            "metadata": null,
            "name": "lib/easing/easing.js",
            "output_name": "lib/easing/easing.js",
            "self_link": "https://www.googleapis.com/storage/v1/b/ice-cream-bucket-2022a/o/lib%2Feasing%2Feasing.js",
            "source": "../ice-cream/lib/easing/easing.js",
            "storage_class": "REGIONAL",
            "temporary_hold": false,
            "timeouts": null
          },
          "sensitive_attributes": [],
          "private": "eyJlMmJmYjczMC1lY2FhLTExZTYtOGY4OC0zNDM2M2JjN2M0YzAiOnsiY3JlYXRlIjoyNDAwMDAwMDAwMDAsImRlbGV0ZSI6MjQwMDAwMDAwMDAwLCJ1cGRhdGUiOjI0MDAwMDAwMDAwMH19",
          "dependencies": [
            "google_storage_bucket.ice-cream-bucket"
          ]
        },
        {
          "index_key": "lib/easing/easing.min.js",
          "schema_version": 0,
          "attributes": {
            "bucket": "ice-cream-bucket-2022a",
            "cache_control": "",
            "content": null,
            "content_disposition": "",
            "content_encoding": "",
            "content_language": "",
            "content_type": "text/js",
            "crc32c": "ZCiwNQ==",
            "customer_encryption": [],
            "detect_md5hash": "1kEWp0KIcICzoKvQngva1w==",
            "event_based_hold": false,
            "id": "ice-cream-bucket-2022a-lib/easing/easing.min.js",
            "kms_key_name": "",
            "md5hash": "1kEWp0KIcICzoKvQngva1w==",
            "media_link": "https://storage.googleapis.com/download/storage/v1/b/ice-cream-bucket-2022a/o/lib%2Feasing%2Feasing.min.js?generation=1655076092918807\u0026alt=media",
            "metadata": null,
            "name": "lib/easing/easing.min.js",
            "output_name": "lib/easing/easing.min.js",
            "self_link": "https://www.googleapis.com/storage/v1/b/ice-cream-bucket-2022a/o/lib%2Feasing%2Feasing.min.js",
            "source": "../ice-cream/lib/easing/easing.min.js",
            "storage_class": "REGIONAL",
            "temporary_hold": false,
            "timeouts": null
          },
          "sensitive_attributes": [],
          "private": "eyJlMmJmYjczMC1lY2FhLTExZTYtOGY4OC0zNDM2M2JjN2M0YzAiOnsiY3JlYXRlIjoyNDAwMDAwMDAwMDAsImRlbGV0ZSI6MjQwMDAwMDAwMDAwLCJ1cGRhdGUiOjI0MDAwMDAwMDAwMH19",
          "dependencies": [
            "google_storage_bucket.ice-cream-bucket"
          ]
        },
        {
          "index_key": "lib/isotope/isotope.pkgd.js",
          "schema_version": 0,
          "attributes": {
            "bucket": "ice-cream-bucket-2022a",
            "cache_control": "",
            "content": null,
            "content_disposition": "",
            "content_encoding": "",
            "content_language": "",
            "content_type": "text/js",
            "crc32c": "PouECQ==",
            "customer_encryption": [],
            "detect_md5hash": "QUhFKUJtiBudWR1Z1wmOWg==",
            "event_based_hold": false,
            "id": "ice-cream-bucket-2022a-lib/isotope/isotope.pkgd.js",
            "kms_key_name": "",
            "md5hash": "QUhFKUJtiBudWR1Z1wmOWg==",
            "media_link": "https://storage.googleapis.com/download/storage/v1/b/ice-cream-bucket-2022a/o/lib%2Fisotope%2Fisotope.pkgd.js?generation=1655076096312419\u0026alt=media",
            "metadata": null,
            "name": "lib/isotope/isotope.pkgd.js",
            "output_name": "lib/isotope/isotope.pkgd.js",
            "self_link": "https://www.googleapis.com/storage/v1/b/ice-cream-bucket-2022a/o/lib%2Fisotope%2Fisotope.pkgd.js",
            "source": "../ice-cream/lib/isotope/isotope.pkgd.js",
            "storage_class": "REGIONAL",
            "temporary_hold": false,
            "timeouts": null
          },
          "sensitive_attributes": [],
          "private": "eyJlMmJmYjczMC1lY2FhLTExZTYtOGY4OC0zNDM2M2JjN2M0YzAiOnsiY3JlYXRlIjoyNDAwMDAwMDAwMDAsImRlbGV0ZSI6MjQwMDAwMDAwMDAwLCJ1cGRhdGUiOjI0MDAwMDAwMDAwMH19",
          "dependencies": [
            "google_storage_bucket.ice-cream-bucket"
          ]
        },
        {
          "index_key": "lib/isotope/isotope.pkgd.min.js",
          "schema_version": 0,
          "attributes": {
            "bucket": "ice-cream-bucket-2022a",
            "cache_control": "",
            "content": null,
            "content_disposition": "",
            "content_encoding": "",
            "content_language": "",
            "content_type": "text/js",
            "crc32c": "bdAn8g==",
            "customer_encryption": [],
            "detect_md5hash": "A1qUsrPyEDq2ZfKIX5U4Ng==",
            "event_based_hold": false,
            "id": "ice-cream-bucket-2022a-lib/isotope/isotope.pkgd.min.js",
            "kms_key_name": "",
            "md5hash": "A1qUsrPyEDq2ZfKIX5U4Ng==",
            "media_link": "https://storage.googleapis.com/download/storage/v1/b/ice-cream-bucket-2022a/o/lib%2Fisotope%2Fisotope.pkgd.min.js?generation=1655076091323027\u0026alt=media",
            "metadata": null,
            "name": "lib/isotope/isotope.pkgd.min.js",
            "output_name": "lib/isotope/isotope.pkgd.min.js",
            "self_link": "https://www.googleapis.com/storage/v1/b/ice-cream-bucket-2022a/o/lib%2Fisotope%2Fisotope.pkgd.min.js",
            "source": "../ice-cream/lib/isotope/isotope.pkgd.min.js",
            "storage_class": "REGIONAL",
            "temporary_hold": false,
            "timeouts": null
          },
          "sensitive_attributes": [],
          "private": "eyJlMmJmYjczMC1lY2FhLTExZTYtOGY4OC0zNDM2M2JjN2M0YzAiOnsiY3JlYXRlIjoyNDAwMDAwMDAwMDAsImRlbGV0ZSI6MjQwMDAwMDAwMDAwLCJ1cGRhdGUiOjI0MDAwMDAwMDAwMH19",
          "dependencies": [
            "google_storage_bucket.ice-cream-bucket"
          ]
        },
        {
          "index_key": "lib/lightbox/js/lightbox.js",
          "schema_version": 0,
          "attributes": {
            "bucket": "ice-cream-bucket-2022a",
            "cache_control": "",
            "content": null,
            "content_disposition": "",
            "content_encoding": "",
            "content_language": "",
            "content_type": "text/js",
            "crc32c": "k2zt6g==",
            "customer_encryption": [],
            "detect_md5hash": "7AG+we0Wv0wV05oml3ZYZA==",
            "event_based_hold": false,
            "id": "ice-cream-bucket-2022a-lib/lightbox/js/lightbox.js",
            "kms_key_name": "",
            "md5hash": "7AG+we0Wv0wV05oml3ZYZA==",
            "media_link": "https://storage.googleapis.com/download/storage/v1/b/ice-cream-bucket-2022a/o/lib%2Flightbox%2Fjs%2Flightbox.js?generation=1655076089718216\u0026alt=media",
            "metadata": null,
            "name": "lib/lightbox/js/lightbox.js",
            "output_name": "lib/lightbox/js/lightbox.js",
            "self_link": "https://www.googleapis.com/storage/v1/b/ice-cream-bucket-2022a/o/lib%2Flightbox%2Fjs%2Flightbox.js",
            "source": "../ice-cream/lib/lightbox/js/lightbox.js",
            "storage_class": "REGIONAL",
            "temporary_hold": false,
            "timeouts": null
          },
          "sensitive_attributes": [],
          "private": "eyJlMmJmYjczMC1lY2FhLTExZTYtOGY4OC0zNDM2M2JjN2M0YzAiOnsiY3JlYXRlIjoyNDAwMDAwMDAwMDAsImRlbGV0ZSI6MjQwMDAwMDAwMDAwLCJ1cGRhdGUiOjI0MDAwMDAwMDAwMH19",
          "dependencies": [
            "google_storage_bucket.ice-cream-bucket"
          ]
        },
        {
          "index_key": "lib/lightbox/js/lightbox.min.js",
          "schema_version": 0,
          "attributes": {
            "bucket": "ice-cream-bucket-2022a",
            "cache_control": "",
            "content": null,
            "content_disposition": "",
            "content_encoding": "",
            "content_language": "",
            "content_type": "text/js",
            "crc32c": "ON85cQ==",
            "customer_encryption": [],
            "detect_md5hash": "dU87g/h3ZNtF462v6oxXIA==",
            "event_based_hold": false,
            "id": "ice-cream-bucket-2022a-lib/lightbox/js/lightbox.min.js",
            "kms_key_name": "",
            "md5hash": "dU87g/h3ZNtF462v6oxXIA==",
            "media_link": "https://storage.googleapis.com/download/storage/v1/b/ice-cream-bucket-2022a/o/lib%2Flightbox%2Fjs%2Flightbox.min.js?generation=1655076096817111\u0026alt=media",
            "metadata": null,
            "name": "lib/lightbox/js/lightbox.min.js",
            "output_name": "lib/lightbox/js/lightbox.min.js",
            "self_link": "https://www.googleapis.com/storage/v1/b/ice-cream-bucket-2022a/o/lib%2Flightbox%2Fjs%2Flightbox.min.js",
            "source": "../ice-cream/lib/lightbox/js/lightbox.min.js",
            "storage_class": "REGIONAL",
            "temporary_hold": false,
            "timeouts": null
          },
          "sensitive_attributes": [],
          "private": "eyJlMmJmYjczMC1lY2FhLTExZTYtOGY4OC0zNDM2M2JjN2M0YzAiOnsiY3JlYXRlIjoyNDAwMDAwMDAwMDAsImRlbGV0ZSI6MjQwMDAwMDAwMDAwLCJ1cGRhdGUiOjI0MDAwMDAwMDAwMH19",
          "dependencies": [
            "google_storage_bucket.ice-cream-bucket"
          ]
        },
        {
          "index_key": "lib/owlcarousel/owl.carousel.js",
          "schema_version": 0,
          "attributes": {
            "bucket": "ice-cream-bucket-2022a",
            "cache_control": "",
            "content": null,
            "content_disposition": "",
            "content_encoding": "",
            "content_language": "",
            "content_type": "text/js",
            "crc32c": "Qh9Gdg==",
            "customer_encryption": [],
            "detect_md5hash": "CqjbvJvsoz3UGPeyo8lmsQ==",
            "event_based_hold": false,
            "id": "ice-cream-bucket-2022a-lib/owlcarousel/owl.carousel.js",
            "kms_key_name": "",
            "md5hash": "CqjbvJvsoz3UGPeyo8lmsQ==",
            "media_link": "https://storage.googleapis.com/download/storage/v1/b/ice-cream-bucket-2022a/o/lib%2Fowlcarousel%2Fowl.carousel.js?generation=1655076098710382\u0026alt=media",
            "metadata": null,
            "name": "lib/owlcarousel/owl.carousel.js",
            "output_name": "lib/owlcarousel/owl.carousel.js",
            "self_link": "https://www.googleapis.com/storage/v1/b/ice-cream-bucket-2022a/o/lib%2Fowlcarousel%2Fowl.carousel.js",
            "source": "../ice-cream/lib/owlcarousel/owl.carousel.js",
            "storage_class": "REGIONAL",
            "temporary_hold": false,
            "timeouts": null
          },
          "sensitive_attributes": [],
          "private": "eyJlMmJmYjczMC1lY2FhLTExZTYtOGY4OC0zNDM2M2JjN2M0YzAiOnsiY3JlYXRlIjoyNDAwMDAwMDAwMDAsImRlbGV0ZSI6MjQwMDAwMDAwMDAwLCJ1cGRhdGUiOjI0MDAwMDAwMDAwMH19",
          "dependencies": [
            "google_storage_bucket.ice-cream-bucket"
          ]
        },
        {
          "index_key": "lib/owlcarousel/owl.carousel.min.js",
          "schema_version": 0,
          "attributes": {
            "bucket": "ice-cream-bucket-2022a",
            "cache_control": "",
            "content": null,
            "content_disposition": "",
            "content_encoding": "",
            "content_language": "",
            "content_type": "text/js",
            "crc32c": "Iyr50w==",
            "customer_encryption": [],
            "detect_md5hash": "t7nJfNaOwzbQGnnVvkjFjQ==",
            "event_based_hold": false,
            "id": "ice-cream-bucket-2022a-lib/owlcarousel/owl.carousel.min.js",
            "kms_key_name": "",
            "md5hash": "t7nJfNaOwzbQGnnVvkjFjQ==",
            "media_link": "https://storage.googleapis.com/download/storage/v1/b/ice-cream-bucket-2022a/o/lib%2Fowlcarousel%2Fowl.carousel.min.js?generation=1655076090726894\u0026alt=media",
            "metadata": null,
            "name": "lib/owlcarousel/owl.carousel.min.js",
            "output_name": "lib/owlcarousel/owl.carousel.min.js",
            "self_link": "https://www.googleapis.com/storage/v1/b/ice-cream-bucket-2022a/o/lib%2Fowlcarousel%2Fowl.carousel.min.js",
            "source": "../ice-cream/lib/owlcarousel/owl.carousel.min.js",
            "storage_class": "REGIONAL",
            "temporary_hold": false,
            "timeouts": null
          },
          "sensitive_attributes": [],
          "private": "eyJlMmJmYjczMC1lY2FhLTExZTYtOGY4OC0zNDM2M2JjN2M0YzAiOnsiY3JlYXRlIjoyNDAwMDAwMDAwMDAsImRlbGV0ZSI6MjQwMDAwMDAwMDAwLCJ1cGRhdGUiOjI0MDAwMDAwMDAwMH19",
          "dependencies": [
            "google_storage_bucket.ice-cream-bucket"
          ]
        },
        {
          "index_key": "lib/waypoints/waypoints.min.js",
          "schema_version": 0,
          "attributes": {
            "bucket": "ice-cream-bucket-2022a",
            "cache_control": "",
            "content": null,
            "content_disposition": "",
            "content_encoding": "",
            "content_language": "",
            "content_type": "text/js",
            "crc32c": "CrbmxQ==",
            "customer_encryption": [],
            "detect_md5hash": "fQX5Ipfe3p7P43Bu+5Vneg==",
            "event_based_hold": false,
            "id": "ice-cream-bucket-2022a-lib/waypoints/waypoints.min.js",
            "kms_key_name": "",
            "md5hash": "fQX5Ipfe3p7P43Bu+5Vneg==",
            "media_link": "https://storage.googleapis.com/download/storage/v1/b/ice-cream-bucket-2022a/o/lib%2Fwaypoints%2Fwaypoints.min.js?generation=1655076092527990\u0026alt=media",
            "metadata": null,
            "name": "lib/waypoints/waypoints.min.js",
            "output_name": "lib/waypoints/waypoints.min.js",
            "self_link": "https://www.googleapis.com/storage/v1/b/ice-cream-bucket-2022a/o/lib%2Fwaypoints%2Fwaypoints.min.js",
            "source": "../ice-cream/lib/waypoints/waypoints.min.js",
            "storage_class": "REGIONAL",
            "temporary_hold": false,
            "timeouts": null
          },
          "sensitive_attributes": [],
          "private": "eyJlMmJmYjczMC1lY2FhLTExZTYtOGY4OC0zNDM2M2JjN2M0YzAiOnsiY3JlYXRlIjoyNDAwMDAwMDAwMDAsImRlbGV0ZSI6MjQwMDAwMDAwMDAwLCJ1cGRhdGUiOjI0MDAwMDAwMDAwMH19",
          "dependencies": [
            "google_storage_bucket.ice-cream-bucket"
          ]
        }
      ]
    }
  ]
}
